// !$*UTF8*$!
{
	archiveVersion = 1;
	classes = {
	};
	objectVersion = 55;
	objects = {

/* Begin PBXBuildFile section */
		3B0B6415282E41CB07277CEC /* Pods_NewsTests.framework in Frameworks */ = {isa = PBXBuildFile; fileRef = 737D7579AEAC11FCDFAEF11A /* Pods_NewsTests.framework */; };
		5C44891D28CDF6D3004BB02E /* AppDelegate.swift in Sources */ = {isa = PBXBuildFile; fileRef = 5C44891C28CDF6D3004BB02E /* AppDelegate.swift */; };
		5C44891F28CDF6D3004BB02E /* SceneDelegate.swift in Sources */ = {isa = PBXBuildFile; fileRef = 5C44891E28CDF6D3004BB02E /* SceneDelegate.swift */; };
		5C44892728CDF6D3004BB02E /* News.xcdatamodeld in Sources */ = {isa = PBXBuildFile; fileRef = 5C44892528CDF6D3004BB02E /* News.xcdatamodeld */; };
		5C44892928CDF6D4004BB02E /* Assets.xcassets in Resources */ = {isa = PBXBuildFile; fileRef = 5C44892828CDF6D4004BB02E /* Assets.xcassets */; };
		5C44892C28CDF6D4004BB02E /* LaunchScreen.storyboard in Resources */ = {isa = PBXBuildFile; fileRef = 5C44892A28CDF6D4004BB02E /* LaunchScreen.storyboard */; };
		5C44893728CDF6D4004BB02E /* NewsTests.swift in Sources */ = {isa = PBXBuildFile; fileRef = 5C44893628CDF6D4004BB02E /* NewsTests.swift */; };
		5C44894128CDF6D4004BB02E /* NewsUITests.swift in Sources */ = {isa = PBXBuildFile; fileRef = 5C44894028CDF6D4004BB02E /* NewsUITests.swift */; };
		5C44894328CDF6D4004BB02E /* NewsUITestsLaunchTests.swift in Sources */ = {isa = PBXBuildFile; fileRef = 5C44894228CDF6D4004BB02E /* NewsUITestsLaunchTests.swift */; };
		5C44895B28CDF9CA004BB02E /* ListViewController.swift in Sources */ = {isa = PBXBuildFile; fileRef = 5C44895928CDF9CA004BB02E /* ListViewController.swift */; };
		5C44895C28CDF9CA004BB02E /* ListViewController.xib in Resources */ = {isa = PBXBuildFile; fileRef = 5C44895A28CDF9CA004BB02E /* ListViewController.xib */; };
		5C44895E28CDF9D4004BB02E /* ListInteractor.swift in Sources */ = {isa = PBXBuildFile; fileRef = 5C44895D28CDF9D4004BB02E /* ListInteractor.swift */; };
		5C44896028CDF9DD004BB02E /* ListPresenter.swift in Sources */ = {isa = PBXBuildFile; fileRef = 5C44895F28CDF9DD004BB02E /* ListPresenter.swift */; };
		5C44896228CDF9E7004BB02E /* ListEntity.swift in Sources */ = {isa = PBXBuildFile; fileRef = 5C44896128CDF9E7004BB02E /* ListEntity.swift */; };
		5C44896428CDF9F0004BB02E /* ListRouter.swift in Sources */ = {isa = PBXBuildFile; fileRef = 5C44896328CDF9F0004BB02E /* ListRouter.swift */; };
		5C44896628CDF9FD004BB02E /* ListBuilder.swift in Sources */ = {isa = PBXBuildFile; fileRef = 5C44896528CDF9FD004BB02E /* ListBuilder.swift */; };
		5C44896828CDFA06004BB02E /* ListContractor.swift in Sources */ = {isa = PBXBuildFile; fileRef = 5C44896728CDFA06004BB02E /* ListContractor.swift */; };
		5C44896E28CDFAE8004BB02E /* BaseViewController.swift in Sources */ = {isa = PBXBuildFile; fileRef = 5C44896D28CDFAE8004BB02E /* BaseViewController.swift */; };
		5C44897428CDFB67004BB02E /* NetworkManager.swift in Sources */ = {isa = PBXBuildFile; fileRef = 5C44897228CDFB67004BB02E /* NetworkManager.swift */; };
		5C44897528CDFB67004BB02E /* Models.swift in Sources */ = {isa = PBXBuildFile; fileRef = 5C44897328CDFB67004BB02E /* Models.swift */; };
		5C44897D28CDFB89004BB02E /* Contractable.swift in Sources */ = {isa = PBXBuildFile; fileRef = 5C44897728CDFB88004BB02E /* Contractable.swift */; };
		5C44898028CDFB89004BB02E /* Routerable.swift in Sources */ = {isa = PBXBuildFile; fileRef = 5C44897A28CDFB89004BB02E /* Routerable.swift */; };
		5C44898128CDFB89004BB02E /* Networkable.swift in Sources */ = {isa = PBXBuildFile; fileRef = 5C44897B28CDFB89004BB02E /* Networkable.swift */; };
		5C44899928CDFBC2004BB02E /* Array+Ext.swift in Sources */ = {isa = PBXBuildFile; fileRef = 5C44899828CDFBC2004BB02E /* Array+Ext.swift */; };
		5C44899B28CDFBE6004BB02E /* CGFloat+Ext.swift in Sources */ = {isa = PBXBuildFile; fileRef = 5C44899A28CDFBE6004BB02E /* CGFloat+Ext.swift */; };
		5C44899D28CDFC05004BB02E /* NSObject+Ext.swift in Sources */ = {isa = PBXBuildFile; fileRef = 5C44899C28CDFC05004BB02E /* NSObject+Ext.swift */; };
		5C4489A128CDFC68004BB02E /* UICollectionView+Ext.swift in Sources */ = {isa = PBXBuildFile; fileRef = 5C4489A028CDFC68004BB02E /* UICollectionView+Ext.swift */; };
		5C4489A328CDFC96004BB02E /* UITableView+Ext.swift in Sources */ = {isa = PBXBuildFile; fileRef = 5C4489A228CDFC96004BB02E /* UITableView+Ext.swift */; };
		5C4489A528CDFCB7004BB02E /* UIViewController+Ext.swift in Sources */ = {isa = PBXBuildFile; fileRef = 5C4489A428CDFCB7004BB02E /* UIViewController+Ext.swift */; };
		5C4489A728CDFCCD004BB02E /* UIView+Ext.swift in Sources */ = {isa = PBXBuildFile; fileRef = 5C4489A628CDFCCD004BB02E /* UIView+Ext.swift */; };
		5C4489AC28CDFD4C004BB02E /* Colours.swift in Sources */ = {isa = PBXBuildFile; fileRef = 5C4489AB28CDFD4C004BB02E /* Colours.swift */; };
		5C4489AE28CDFD51004BB02E /* Fonts.swift in Sources */ = {isa = PBXBuildFile; fileRef = 5C4489AD28CDFD51004BB02E /* Fonts.swift */; };
		5C4FA7D228D1E69700EA67B7 /* WebRouter.swift in Sources */ = {isa = PBXBuildFile; fileRef = 5C4FA7D128D1E69700EA67B7 /* WebRouter.swift */; };
		5C4FA7D428D1E6A400EA67B7 /* WebEntity.swift in Sources */ = {isa = PBXBuildFile; fileRef = 5C4FA7D328D1E6A400EA67B7 /* WebEntity.swift */; };
		5C4FA7D628D1E6B000EA67B7 /* WebPresenter.swift in Sources */ = {isa = PBXBuildFile; fileRef = 5C4FA7D528D1E6B000EA67B7 /* WebPresenter.swift */; };
		5C4FA7D828D1E6B900EA67B7 /* WebContractor.swift in Sources */ = {isa = PBXBuildFile; fileRef = 5C4FA7D728D1E6B900EA67B7 /* WebContractor.swift */; };
		5C4FA7DA28D1E6C200EA67B7 /* WebInteractor.swift in Sources */ = {isa = PBXBuildFile; fileRef = 5C4FA7D928D1E6C200EA67B7 /* WebInteractor.swift */; };
		5C4FA7DC28D1E6CB00EA67B7 /* WebBuilder.swift in Sources */ = {isa = PBXBuildFile; fileRef = 5C4FA7DB28D1E6CB00EA67B7 /* WebBuilder.swift */; };
		5C4FA7DF28D1E6E100EA67B7 /* WebViewController.swift in Sources */ = {isa = PBXBuildFile; fileRef = 5C4FA7DD28D1E6E100EA67B7 /* WebViewController.swift */; };
		5C4FA7E028D1E6E100EA67B7 /* WebViewController.xib in Resources */ = {isa = PBXBuildFile; fileRef = 5C4FA7DE28D1E6E100EA67B7 /* WebViewController.xib */; };
		5C6B477E28D90D5100249E76 /* AppRouter.swift in Sources */ = {isa = PBXBuildFile; fileRef = 5C6B477D28D90D5100249E76 /* AppRouter.swift */; };
		5C6E84A528CE09AA00EBB1EB /* ApplicationConstant.swift in Sources */ = {isa = PBXBuildFile; fileRef = 5C6E84A428CE09AA00EBB1EB /* ApplicationConstant.swift */; };
		5C6E84A728CE0D4800EBB1EB /* Main.storyboard in Resources */ = {isa = PBXBuildFile; fileRef = 5C6E84A628CE0D4800EBB1EB /* Main.storyboard */; };
		5C6E84A928CE255000EBB1EB /* String+Ext.swift in Sources */ = {isa = PBXBuildFile; fileRef = 5C6E84A828CE255000EBB1EB /* String+Ext.swift */; };
		5C6E84AD28CE25F000EBB1EB /* NewsTableViewCell.swift in Sources */ = {isa = PBXBuildFile; fileRef = 5C6E84AB28CE25EF00EBB1EB /* NewsTableViewCell.swift */; };
		5C6E84AE28CE25F000EBB1EB /* NewsTableViewCell.xib in Resources */ = {isa = PBXBuildFile; fileRef = 5C6E84AC28CE25F000EBB1EB /* NewsTableViewCell.xib */; };
		5C6E84B428CE5B3700EBB1EB /* Date+Ext.swift in Sources */ = {isa = PBXBuildFile; fileRef = 5C6E84B328CE5B3700EBB1EB /* Date+Ext.swift */; };
		5C7F64F428F1BE3400B09382 /* ActivityView.swift in Sources */ = {isa = PBXBuildFile; fileRef = 5C7F64F228F1BE3400B09382 /* ActivityView.swift */; };
		5C7F64F528F1BE3400B09382 /* ActivityView.xib in Resources */ = {isa = PBXBuildFile; fileRef = 5C7F64F328F1BE3400B09382 /* ActivityView.xib */; };
		5CA8CC2928D0E5B900701A9B /* DetailRouter.swift in Sources */ = {isa = PBXBuildFile; fileRef = 5CA8CC2828D0E5B900701A9B /* DetailRouter.swift */; };
		5CA8CC2B28D0E5C300701A9B /* DetailBuilder.swift in Sources */ = {isa = PBXBuildFile; fileRef = 5CA8CC2A28D0E5C300701A9B /* DetailBuilder.swift */; };
		5CA8CC2D28D0E5CF00701A9B /* DetailEntity.swift in Sources */ = {isa = PBXBuildFile; fileRef = 5CA8CC2C28D0E5CF00701A9B /* DetailEntity.swift */; };
		5CA8CC2F28D0E5D900701A9B /* DetailPresenter.swift in Sources */ = {isa = PBXBuildFile; fileRef = 5CA8CC2E28D0E5D900701A9B /* DetailPresenter.swift */; };
		5CA8CC3128D0E5E200701A9B /* DetailContractor.swift in Sources */ = {isa = PBXBuildFile; fileRef = 5CA8CC3028D0E5E200701A9B /* DetailContractor.swift */; };
		5CA8CC3328D0E5F200701A9B /* DetailInteractor.swift in Sources */ = {isa = PBXBuildFile; fileRef = 5CA8CC3228D0E5F200701A9B /* DetailInteractor.swift */; };
		5CA8CC3628D0E60B00701A9B /* DetailViewController.swift in Sources */ = {isa = PBXBuildFile; fileRef = 5CA8CC3428D0E60B00701A9B /* DetailViewController.swift */; };
		5CA8CC3728D0E60B00701A9B /* DetailViewController.xib in Resources */ = {isa = PBXBuildFile; fileRef = 5CA8CC3528D0E60B00701A9B /* DetailViewController.xib */; };
		5CA8CC3B28D0E9D000701A9B /* DetailTableViewCell.swift in Sources */ = {isa = PBXBuildFile; fileRef = 5CA8CC3928D0E9D000701A9B /* DetailTableViewCell.swift */; };
		5CA8CC3C28D0E9D000701A9B /* DetailTableViewCell.xib in Resources */ = {isa = PBXBuildFile; fileRef = 5CA8CC3A28D0E9D000701A9B /* DetailTableViewCell.xib */; };
		5CA8CC3E28D0EE5700701A9B /* UIImageView+Ext.swift in Sources */ = {isa = PBXBuildFile; fileRef = 5CA8CC3D28D0EE5700701A9B /* UIImageView+Ext.swift */; };
		5CAA790428D4CBB700F0F1C3 /* CoreDataManager.swift in Sources */ = {isa = PBXBuildFile; fileRef = 5CAA790328D4CBB700F0F1C3 /* CoreDataManager.swift */; };
		5CCB3D8828F03AED006926C8 /* Nunito-Light.ttf in Resources */ = {isa = PBXBuildFile; fileRef = 5CCB3D8428F03AED006926C8 /* Nunito-Light.ttf */; };
		5CCB3D8928F03AED006926C8 /* Nunito-Bold.ttf in Resources */ = {isa = PBXBuildFile; fileRef = 5CCB3D8528F03AED006926C8 /* Nunito-Bold.ttf */; };
		5CCB3D8A28F03AED006926C8 /* Nunito-Medium.ttf in Resources */ = {isa = PBXBuildFile; fileRef = 5CCB3D8628F03AED006926C8 /* Nunito-Medium.ttf */; };
		5CCB3D8B28F03AED006926C8 /* Nunito-Italic.ttf in Resources */ = {isa = PBXBuildFile; fileRef = 5CCB3D8728F03AED006926C8 /* Nunito-Italic.ttf */; };
		5CCB3D9328F06BD2006926C8 /* FavsRouter.swift in Sources */ = {isa = PBXBuildFile; fileRef = 5CCB3D9228F06BD2006926C8 /* FavsRouter.swift */; };
		5CCB3D9528F06BDB006926C8 /* FavsBuilder.swift in Sources */ = {isa = PBXBuildFile; fileRef = 5CCB3D9428F06BDB006926C8 /* FavsBuilder.swift */; };
		5CCB3DA028F06C3E006926C8 /* FavsViewController.swift in Sources */ = {isa = PBXBuildFile; fileRef = 5CCB3D9E28F06C3E006926C8 /* FavsViewController.swift */; };
		5CCB3DA128F06C3E006926C8 /* FavsViewController.xib in Resources */ = {isa = PBXBuildFile; fileRef = 5CCB3D9F28F06C3E006926C8 /* FavsViewController.xib */; };
		5CCB3DA328F06C51006926C8 /* FavsInteractor.swift in Sources */ = {isa = PBXBuildFile; fileRef = 5CCB3DA228F06C51006926C8 /* FavsInteractor.swift */; };
		5CCB3DA528F06C69006926C8 /* FavsPresenter.swift in Sources */ = {isa = PBXBuildFile; fileRef = 5CCB3DA428F06C69006926C8 /* FavsPresenter.swift */; };
		5CCB3DA728F06C72006926C8 /* FavsContractor.swift in Sources */ = {isa = PBXBuildFile; fileRef = 5CCB3DA628F06C72006926C8 /* FavsContractor.swift */; };
		5CCB3DA928F06C99006926C8 /* FavsEntity.swift in Sources */ = {isa = PBXBuildFile; fileRef = 5CCB3DA828F06C99006926C8 /* FavsEntity.swift */; };
		5CE8874A28F086CE0059431B /* FavNewsCollectionViewCell.swift in Sources */ = {isa = PBXBuildFile; fileRef = 5CE8874828F086CE0059431B /* FavNewsCollectionViewCell.swift */; };
		5CE8874B28F086CE0059431B /* FavNewsCollectionViewCell.xib in Resources */ = {isa = PBXBuildFile; fileRef = 5CE8874928F086CE0059431B /* FavNewsCollectionViewCell.xib */; };
		924180C92945F0C4007A0EDB /* Int+Ext.swift in Sources */ = {isa = PBXBuildFile; fileRef = 924180C82945F0C4007A0EDB /* Int+Ext.swift */; };
		924180D229462289007A0EDB /* ListNewsTableView.swift in Sources */ = {isa = PBXBuildFile; fileRef = 924180D129462289007A0EDB /* ListNewsTableView.swift */; };
		924180D429462532007A0EDB /* SearchBarHeaderView.swift in Sources */ = {isa = PBXBuildFile; fileRef = 924180D329462532007A0EDB /* SearchBarHeaderView.swift */; };
		924180D62946253C007A0EDB /* SearchBarHeaderView.xib in Resources */ = {isa = PBXBuildFile; fileRef = 924180D52946253C007A0EDB /* SearchBarHeaderView.xib */; };
		924180DE29468ABE007A0EDB /* PrimaryButtonFooterView.swift in Sources */ = {isa = PBXBuildFile; fileRef = 924180DD29468ABE007A0EDB /* PrimaryButtonFooterView.swift */; };
		924180E029468ACC007A0EDB /* PrimaryButtonFooterView.xib in Resources */ = {isa = PBXBuildFile; fileRef = 924180DF29468ACC007A0EDB /* PrimaryButtonFooterView.xib */; };
		924180E229468BBB007A0EDB /* DetailNewsTableView.swift in Sources */ = {isa = PBXBuildFile; fileRef = 924180E129468BBB007A0EDB /* DetailNewsTableView.swift */; };
		924180E629469390007A0EDB /* FavNewsCollectionView.swift in Sources */ = {isa = PBXBuildFile; fileRef = 924180E529469390007A0EDB /* FavNewsCollectionView.swift */; };
		9267BE9529588F6C00E347E3 /* ActivityIndicatorManager.swift in Sources */ = {isa = PBXBuildFile; fileRef = 9267BE9429588F6C00E347E3 /* ActivityIndicatorManager.swift */; };
		9267BE9729588FB500E347E3 /* ActivityIndicator.swift in Sources */ = {isa = PBXBuildFile; fileRef = 9267BE9629588FB500E347E3 /* ActivityIndicator.swift */; };
		9267BE9929588FBC00E347E3 /* ActivityIndicator.xib in Resources */ = {isa = PBXBuildFile; fileRef = 9267BE9829588FBC00E347E3 /* ActivityIndicator.xib */; };
		92C48CF6295895A400182F20 /* indicator-animation-view.json in Resources */ = {isa = PBXBuildFile; fileRef = 92C48CF5295895A400182F20 /* indicator-animation-view.json */; };
		B16798FAF70186760A519484 /* Pods_News.framework in Frameworks */ = {isa = PBXBuildFile; fileRef = 340F56EAB471065005C26432 /* Pods_News.framework */; };
		B7420FF6380634CEF50BFA3A /* Pods_News_NewsUITests.framework in Frameworks */ = {isa = PBXBuildFile; fileRef = 202D8388D29BF201BD96209C /* Pods_News_NewsUITests.framework */; };
/* End PBXBuildFile section */

/* Begin PBXContainerItemProxy section */
		5C44893328CDF6D4004BB02E /* PBXContainerItemProxy */ = {
			isa = PBXContainerItemProxy;
			containerPortal = 5C44891128CDF6D3004BB02E /* Project object */;
			proxyType = 1;
			remoteGlobalIDString = 5C44891828CDF6D3004BB02E;
			remoteInfo = News;
		};
		5C44893D28CDF6D4004BB02E /* PBXContainerItemProxy */ = {
			isa = PBXContainerItemProxy;
			containerPortal = 5C44891128CDF6D3004BB02E /* Project object */;
			proxyType = 1;
			remoteGlobalIDString = 5C44891828CDF6D3004BB02E;
			remoteInfo = News;
		};
/* End PBXContainerItemProxy section */

/* Begin PBXFileReference section */
		202D8388D29BF201BD96209C /* Pods_News_NewsUITests.framework */ = {isa = PBXFileReference; explicitFileType = wrapper.framework; includeInIndex = 0; path = Pods_News_NewsUITests.framework; sourceTree = BUILT_PRODUCTS_DIR; };
		340F56EAB471065005C26432 /* Pods_News.framework */ = {isa = PBXFileReference; explicitFileType = wrapper.framework; includeInIndex = 0; path = Pods_News.framework; sourceTree = BUILT_PRODUCTS_DIR; };
		43503E3110F2936591DBA0E3 /* Pods-NewsTests.debug.xcconfig */ = {isa = PBXFileReference; includeInIndex = 1; lastKnownFileType = text.xcconfig; name = "Pods-NewsTests.debug.xcconfig"; path = "Target Support Files/Pods-NewsTests/Pods-NewsTests.debug.xcconfig"; sourceTree = "<group>"; };
		5C44891928CDF6D3004BB02E /* News.app */ = {isa = PBXFileReference; explicitFileType = wrapper.application; includeInIndex = 0; path = News.app; sourceTree = BUILT_PRODUCTS_DIR; };
		5C44891C28CDF6D3004BB02E /* AppDelegate.swift */ = {isa = PBXFileReference; lastKnownFileType = sourcecode.swift; path = AppDelegate.swift; sourceTree = "<group>"; };
		5C44891E28CDF6D3004BB02E /* SceneDelegate.swift */ = {isa = PBXFileReference; lastKnownFileType = sourcecode.swift; path = SceneDelegate.swift; sourceTree = "<group>"; };
		5C44892628CDF6D3004BB02E /* News.xcdatamodel */ = {isa = PBXFileReference; lastKnownFileType = wrapper.xcdatamodel; path = News.xcdatamodel; sourceTree = "<group>"; };
		5C44892828CDF6D4004BB02E /* Assets.xcassets */ = {isa = PBXFileReference; lastKnownFileType = folder.assetcatalog; path = Assets.xcassets; sourceTree = "<group>"; };
		5C44892B28CDF6D4004BB02E /* Base */ = {isa = PBXFileReference; lastKnownFileType = file.storyboard; name = Base; path = Base.lproj/LaunchScreen.storyboard; sourceTree = "<group>"; };
		5C44892D28CDF6D4004BB02E /* Info.plist */ = {isa = PBXFileReference; lastKnownFileType = text.plist.xml; path = Info.plist; sourceTree = "<group>"; };
		5C44893228CDF6D4004BB02E /* NewsTests.xctest */ = {isa = PBXFileReference; explicitFileType = wrapper.cfbundle; includeInIndex = 0; path = NewsTests.xctest; sourceTree = BUILT_PRODUCTS_DIR; };
		5C44893628CDF6D4004BB02E /* NewsTests.swift */ = {isa = PBXFileReference; lastKnownFileType = sourcecode.swift; path = NewsTests.swift; sourceTree = "<group>"; };
		5C44893C28CDF6D4004BB02E /* NewsUITests.xctest */ = {isa = PBXFileReference; explicitFileType = wrapper.cfbundle; includeInIndex = 0; path = NewsUITests.xctest; sourceTree = BUILT_PRODUCTS_DIR; };
		5C44894028CDF6D4004BB02E /* NewsUITests.swift */ = {isa = PBXFileReference; lastKnownFileType = sourcecode.swift; path = NewsUITests.swift; sourceTree = "<group>"; };
		5C44894228CDF6D4004BB02E /* NewsUITestsLaunchTests.swift */ = {isa = PBXFileReference; lastKnownFileType = sourcecode.swift; path = NewsUITestsLaunchTests.swift; sourceTree = "<group>"; };
		5C44895928CDF9CA004BB02E /* ListViewController.swift */ = {isa = PBXFileReference; lastKnownFileType = sourcecode.swift; path = ListViewController.swift; sourceTree = "<group>"; };
		5C44895A28CDF9CA004BB02E /* ListViewController.xib */ = {isa = PBXFileReference; lastKnownFileType = file.xib; path = ListViewController.xib; sourceTree = "<group>"; };
		5C44895D28CDF9D4004BB02E /* ListInteractor.swift */ = {isa = PBXFileReference; lastKnownFileType = sourcecode.swift; path = ListInteractor.swift; sourceTree = "<group>"; };
		5C44895F28CDF9DD004BB02E /* ListPresenter.swift */ = {isa = PBXFileReference; lastKnownFileType = sourcecode.swift; path = ListPresenter.swift; sourceTree = "<group>"; };
		5C44896128CDF9E7004BB02E /* ListEntity.swift */ = {isa = PBXFileReference; lastKnownFileType = sourcecode.swift; path = ListEntity.swift; sourceTree = "<group>"; };
		5C44896328CDF9F0004BB02E /* ListRouter.swift */ = {isa = PBXFileReference; lastKnownFileType = sourcecode.swift; path = ListRouter.swift; sourceTree = "<group>"; };
		5C44896528CDF9FD004BB02E /* ListBuilder.swift */ = {isa = PBXFileReference; lastKnownFileType = sourcecode.swift; path = ListBuilder.swift; sourceTree = "<group>"; };
		5C44896728CDFA06004BB02E /* ListContractor.swift */ = {isa = PBXFileReference; lastKnownFileType = sourcecode.swift; path = ListContractor.swift; sourceTree = "<group>"; };
		5C44896D28CDFAE8004BB02E /* BaseViewController.swift */ = {isa = PBXFileReference; lastKnownFileType = sourcecode.swift; path = BaseViewController.swift; sourceTree = "<group>"; };
		5C44897228CDFB67004BB02E /* NetworkManager.swift */ = {isa = PBXFileReference; fileEncoding = 4; lastKnownFileType = sourcecode.swift; path = NetworkManager.swift; sourceTree = "<group>"; };
		5C44897328CDFB67004BB02E /* Models.swift */ = {isa = PBXFileReference; fileEncoding = 4; lastKnownFileType = sourcecode.swift; path = Models.swift; sourceTree = "<group>"; };
		5C44897728CDFB88004BB02E /* Contractable.swift */ = {isa = PBXFileReference; fileEncoding = 4; lastKnownFileType = sourcecode.swift; path = Contractable.swift; sourceTree = "<group>"; };
		5C44897A28CDFB89004BB02E /* Routerable.swift */ = {isa = PBXFileReference; fileEncoding = 4; lastKnownFileType = sourcecode.swift; path = Routerable.swift; sourceTree = "<group>"; };
		5C44897B28CDFB89004BB02E /* Networkable.swift */ = {isa = PBXFileReference; fileEncoding = 4; lastKnownFileType = sourcecode.swift; path = Networkable.swift; sourceTree = "<group>"; };
		5C44899828CDFBC2004BB02E /* Array+Ext.swift */ = {isa = PBXFileReference; lastKnownFileType = sourcecode.swift; path = "Array+Ext.swift"; sourceTree = "<group>"; };
		5C44899A28CDFBE6004BB02E /* CGFloat+Ext.swift */ = {isa = PBXFileReference; lastKnownFileType = sourcecode.swift; path = "CGFloat+Ext.swift"; sourceTree = "<group>"; };
		5C44899C28CDFC05004BB02E /* NSObject+Ext.swift */ = {isa = PBXFileReference; lastKnownFileType = sourcecode.swift; path = "NSObject+Ext.swift"; sourceTree = "<group>"; };
		5C4489A028CDFC68004BB02E /* UICollectionView+Ext.swift */ = {isa = PBXFileReference; lastKnownFileType = sourcecode.swift; path = "UICollectionView+Ext.swift"; sourceTree = "<group>"; };
		5C4489A228CDFC96004BB02E /* UITableView+Ext.swift */ = {isa = PBXFileReference; lastKnownFileType = sourcecode.swift; path = "UITableView+Ext.swift"; sourceTree = "<group>"; };
		5C4489A428CDFCB7004BB02E /* UIViewController+Ext.swift */ = {isa = PBXFileReference; lastKnownFileType = sourcecode.swift; path = "UIViewController+Ext.swift"; sourceTree = "<group>"; };
		5C4489A628CDFCCD004BB02E /* UIView+Ext.swift */ = {isa = PBXFileReference; lastKnownFileType = sourcecode.swift; path = "UIView+Ext.swift"; sourceTree = "<group>"; };
		5C4489AB28CDFD4C004BB02E /* Colours.swift */ = {isa = PBXFileReference; lastKnownFileType = sourcecode.swift; path = Colours.swift; sourceTree = "<group>"; };
		5C4489AD28CDFD51004BB02E /* Fonts.swift */ = {isa = PBXFileReference; lastKnownFileType = sourcecode.swift; path = Fonts.swift; sourceTree = "<group>"; };
		5C4FA7D128D1E69700EA67B7 /* WebRouter.swift */ = {isa = PBXFileReference; lastKnownFileType = sourcecode.swift; path = WebRouter.swift; sourceTree = "<group>"; };
		5C4FA7D328D1E6A400EA67B7 /* WebEntity.swift */ = {isa = PBXFileReference; lastKnownFileType = sourcecode.swift; path = WebEntity.swift; sourceTree = "<group>"; };
		5C4FA7D528D1E6B000EA67B7 /* WebPresenter.swift */ = {isa = PBXFileReference; lastKnownFileType = sourcecode.swift; path = WebPresenter.swift; sourceTree = "<group>"; };
		5C4FA7D728D1E6B900EA67B7 /* WebContractor.swift */ = {isa = PBXFileReference; lastKnownFileType = sourcecode.swift; path = WebContractor.swift; sourceTree = "<group>"; };
		5C4FA7D928D1E6C200EA67B7 /* WebInteractor.swift */ = {isa = PBXFileReference; lastKnownFileType = sourcecode.swift; path = WebInteractor.swift; sourceTree = "<group>"; };
		5C4FA7DB28D1E6CB00EA67B7 /* WebBuilder.swift */ = {isa = PBXFileReference; lastKnownFileType = sourcecode.swift; path = WebBuilder.swift; sourceTree = "<group>"; };
		5C4FA7DD28D1E6E100EA67B7 /* WebViewController.swift */ = {isa = PBXFileReference; lastKnownFileType = sourcecode.swift; path = WebViewController.swift; sourceTree = "<group>"; };
		5C4FA7DE28D1E6E100EA67B7 /* WebViewController.xib */ = {isa = PBXFileReference; lastKnownFileType = file.xib; path = WebViewController.xib; sourceTree = "<group>"; };
		5C6B477D28D90D5100249E76 /* AppRouter.swift */ = {isa = PBXFileReference; lastKnownFileType = sourcecode.swift; path = AppRouter.swift; sourceTree = "<group>"; };
		5C6E84A428CE09AA00EBB1EB /* ApplicationConstant.swift */ = {isa = PBXFileReference; lastKnownFileType = sourcecode.swift; path = ApplicationConstant.swift; sourceTree = "<group>"; };
		5C6E84A628CE0D4800EBB1EB /* Main.storyboard */ = {isa = PBXFileReference; lastKnownFileType = file.storyboard; path = Main.storyboard; sourceTree = "<group>"; };
		5C6E84A828CE255000EBB1EB /* String+Ext.swift */ = {isa = PBXFileReference; lastKnownFileType = sourcecode.swift; path = "String+Ext.swift"; sourceTree = "<group>"; };
		5C6E84AB28CE25EF00EBB1EB /* NewsTableViewCell.swift */ = {isa = PBXFileReference; fileEncoding = 4; lastKnownFileType = sourcecode.swift; path = NewsTableViewCell.swift; sourceTree = "<group>"; };
		5C6E84AC28CE25F000EBB1EB /* NewsTableViewCell.xib */ = {isa = PBXFileReference; fileEncoding = 4; lastKnownFileType = file.xib; path = NewsTableViewCell.xib; sourceTree = "<group>"; };
		5C6E84B328CE5B3700EBB1EB /* Date+Ext.swift */ = {isa = PBXFileReference; lastKnownFileType = sourcecode.swift; path = "Date+Ext.swift"; sourceTree = "<group>"; };
		5C7F64F228F1BE3400B09382 /* ActivityView.swift */ = {isa = PBXFileReference; fileEncoding = 4; lastKnownFileType = sourcecode.swift; path = ActivityView.swift; sourceTree = "<group>"; };
		5C7F64F328F1BE3400B09382 /* ActivityView.xib */ = {isa = PBXFileReference; fileEncoding = 4; lastKnownFileType = file.xib; path = ActivityView.xib; sourceTree = "<group>"; };
		5CA8CC2828D0E5B900701A9B /* DetailRouter.swift */ = {isa = PBXFileReference; lastKnownFileType = sourcecode.swift; path = DetailRouter.swift; sourceTree = "<group>"; };
		5CA8CC2A28D0E5C300701A9B /* DetailBuilder.swift */ = {isa = PBXFileReference; lastKnownFileType = sourcecode.swift; path = DetailBuilder.swift; sourceTree = "<group>"; };
		5CA8CC2C28D0E5CF00701A9B /* DetailEntity.swift */ = {isa = PBXFileReference; lastKnownFileType = sourcecode.swift; path = DetailEntity.swift; sourceTree = "<group>"; };
		5CA8CC2E28D0E5D900701A9B /* DetailPresenter.swift */ = {isa = PBXFileReference; lastKnownFileType = sourcecode.swift; path = DetailPresenter.swift; sourceTree = "<group>"; };
		5CA8CC3028D0E5E200701A9B /* DetailContractor.swift */ = {isa = PBXFileReference; lastKnownFileType = sourcecode.swift; path = DetailContractor.swift; sourceTree = "<group>"; };
		5CA8CC3228D0E5F200701A9B /* DetailInteractor.swift */ = {isa = PBXFileReference; lastKnownFileType = sourcecode.swift; path = DetailInteractor.swift; sourceTree = "<group>"; };
		5CA8CC3428D0E60B00701A9B /* DetailViewController.swift */ = {isa = PBXFileReference; lastKnownFileType = sourcecode.swift; path = DetailViewController.swift; sourceTree = "<group>"; };
		5CA8CC3528D0E60B00701A9B /* DetailViewController.xib */ = {isa = PBXFileReference; lastKnownFileType = file.xib; path = DetailViewController.xib; sourceTree = "<group>"; };
		5CA8CC3928D0E9D000701A9B /* DetailTableViewCell.swift */ = {isa = PBXFileReference; lastKnownFileType = sourcecode.swift; path = DetailTableViewCell.swift; sourceTree = "<group>"; };
		5CA8CC3A28D0E9D000701A9B /* DetailTableViewCell.xib */ = {isa = PBXFileReference; lastKnownFileType = file.xib; path = DetailTableViewCell.xib; sourceTree = "<group>"; };
		5CA8CC3D28D0EE5700701A9B /* UIImageView+Ext.swift */ = {isa = PBXFileReference; lastKnownFileType = sourcecode.swift; path = "UIImageView+Ext.swift"; sourceTree = "<group>"; };
		5CAA790328D4CBB700F0F1C3 /* CoreDataManager.swift */ = {isa = PBXFileReference; lastKnownFileType = sourcecode.swift; path = CoreDataManager.swift; sourceTree = "<group>"; };
		5CCB3D8428F03AED006926C8 /* Nunito-Light.ttf */ = {isa = PBXFileReference; lastKnownFileType = file; path = "Nunito-Light.ttf"; sourceTree = "<group>"; };
		5CCB3D8528F03AED006926C8 /* Nunito-Bold.ttf */ = {isa = PBXFileReference; lastKnownFileType = file; path = "Nunito-Bold.ttf"; sourceTree = "<group>"; };
		5CCB3D8628F03AED006926C8 /* Nunito-Medium.ttf */ = {isa = PBXFileReference; lastKnownFileType = file; path = "Nunito-Medium.ttf"; sourceTree = "<group>"; };
		5CCB3D8728F03AED006926C8 /* Nunito-Italic.ttf */ = {isa = PBXFileReference; lastKnownFileType = file; path = "Nunito-Italic.ttf"; sourceTree = "<group>"; };
		5CCB3D9228F06BD2006926C8 /* FavsRouter.swift */ = {isa = PBXFileReference; lastKnownFileType = sourcecode.swift; path = FavsRouter.swift; sourceTree = "<group>"; };
		5CCB3D9428F06BDB006926C8 /* FavsBuilder.swift */ = {isa = PBXFileReference; lastKnownFileType = sourcecode.swift; path = FavsBuilder.swift; sourceTree = "<group>"; };
		5CCB3D9E28F06C3E006926C8 /* FavsViewController.swift */ = {isa = PBXFileReference; lastKnownFileType = sourcecode.swift; path = FavsViewController.swift; sourceTree = "<group>"; };
		5CCB3D9F28F06C3E006926C8 /* FavsViewController.xib */ = {isa = PBXFileReference; lastKnownFileType = file.xib; path = FavsViewController.xib; sourceTree = "<group>"; };
		5CCB3DA228F06C51006926C8 /* FavsInteractor.swift */ = {isa = PBXFileReference; lastKnownFileType = sourcecode.swift; path = FavsInteractor.swift; sourceTree = "<group>"; };
		5CCB3DA428F06C69006926C8 /* FavsPresenter.swift */ = {isa = PBXFileReference; lastKnownFileType = sourcecode.swift; path = FavsPresenter.swift; sourceTree = "<group>"; };
		5CCB3DA628F06C72006926C8 /* FavsContractor.swift */ = {isa = PBXFileReference; lastKnownFileType = sourcecode.swift; path = FavsContractor.swift; sourceTree = "<group>"; };
		5CCB3DA828F06C99006926C8 /* FavsEntity.swift */ = {isa = PBXFileReference; lastKnownFileType = sourcecode.swift; path = FavsEntity.swift; sourceTree = "<group>"; };
		5CE8874828F086CE0059431B /* FavNewsCollectionViewCell.swift */ = {isa = PBXFileReference; lastKnownFileType = sourcecode.swift; path = FavNewsCollectionViewCell.swift; sourceTree = "<group>"; };
		5CE8874928F086CE0059431B /* FavNewsCollectionViewCell.xib */ = {isa = PBXFileReference; lastKnownFileType = file.xib; path = FavNewsCollectionViewCell.xib; sourceTree = "<group>"; };
		62E866F53341FC6744337EEF /* Pods-News.release.xcconfig */ = {isa = PBXFileReference; includeInIndex = 1; lastKnownFileType = text.xcconfig; name = "Pods-News.release.xcconfig"; path = "Target Support Files/Pods-News/Pods-News.release.xcconfig"; sourceTree = "<group>"; };
		737D7579AEAC11FCDFAEF11A /* Pods_NewsTests.framework */ = {isa = PBXFileReference; explicitFileType = wrapper.framework; includeInIndex = 0; path = Pods_NewsTests.framework; sourceTree = BUILT_PRODUCTS_DIR; };
		924180C82945F0C4007A0EDB /* Int+Ext.swift */ = {isa = PBXFileReference; lastKnownFileType = sourcecode.swift; path = "Int+Ext.swift"; sourceTree = "<group>"; };
		924180D129462289007A0EDB /* ListNewsTableView.swift */ = {isa = PBXFileReference; lastKnownFileType = sourcecode.swift; path = ListNewsTableView.swift; sourceTree = "<group>"; };
		924180D329462532007A0EDB /* SearchBarHeaderView.swift */ = {isa = PBXFileReference; lastKnownFileType = sourcecode.swift; path = SearchBarHeaderView.swift; sourceTree = "<group>"; };
		924180D52946253C007A0EDB /* SearchBarHeaderView.xib */ = {isa = PBXFileReference; lastKnownFileType = file.xib; path = SearchBarHeaderView.xib; sourceTree = "<group>"; };
		924180DD29468ABE007A0EDB /* PrimaryButtonFooterView.swift */ = {isa = PBXFileReference; lastKnownFileType = sourcecode.swift; path = PrimaryButtonFooterView.swift; sourceTree = "<group>"; };
		924180DF29468ACC007A0EDB /* PrimaryButtonFooterView.xib */ = {isa = PBXFileReference; lastKnownFileType = file.xib; path = PrimaryButtonFooterView.xib; sourceTree = "<group>"; };
		924180E129468BBB007A0EDB /* DetailNewsTableView.swift */ = {isa = PBXFileReference; lastKnownFileType = sourcecode.swift; path = DetailNewsTableView.swift; sourceTree = "<group>"; };
		924180E529469390007A0EDB /* FavNewsCollectionView.swift */ = {isa = PBXFileReference; lastKnownFileType = sourcecode.swift; path = FavNewsCollectionView.swift; sourceTree = "<group>"; };
		9267BE9429588F6C00E347E3 /* ActivityIndicatorManager.swift */ = {isa = PBXFileReference; lastKnownFileType = sourcecode.swift; path = ActivityIndicatorManager.swift; sourceTree = "<group>"; };
		9267BE9629588FB500E347E3 /* ActivityIndicator.swift */ = {isa = PBXFileReference; lastKnownFileType = sourcecode.swift; path = ActivityIndicator.swift; sourceTree = "<group>"; };
		9267BE9829588FBC00E347E3 /* ActivityIndicator.xib */ = {isa = PBXFileReference; lastKnownFileType = file.xib; path = ActivityIndicator.xib; sourceTree = "<group>"; };
		92C48CF5295895A400182F20 /* indicator-animation-view.json */ = {isa = PBXFileReference; fileEncoding = 4; lastKnownFileType = text.json; path = "indicator-animation-view.json"; sourceTree = "<group>"; };
		B22056FCEE0A41770F68724C /* Pods-News-NewsUITests.debug.xcconfig */ = {isa = PBXFileReference; includeInIndex = 1; lastKnownFileType = text.xcconfig; name = "Pods-News-NewsUITests.debug.xcconfig"; path = "Target Support Files/Pods-News-NewsUITests/Pods-News-NewsUITests.debug.xcconfig"; sourceTree = "<group>"; };
		D0688E98C1CC791F525259F8 /* Pods-NewsTests.release.xcconfig */ = {isa = PBXFileReference; includeInIndex = 1; lastKnownFileType = text.xcconfig; name = "Pods-NewsTests.release.xcconfig"; path = "Target Support Files/Pods-NewsTests/Pods-NewsTests.release.xcconfig"; sourceTree = "<group>"; };
		D702E520B99F8EBDD50DD0D3 /* Pods-News-NewsUITests.release.xcconfig */ = {isa = PBXFileReference; includeInIndex = 1; lastKnownFileType = text.xcconfig; name = "Pods-News-NewsUITests.release.xcconfig"; path = "Target Support Files/Pods-News-NewsUITests/Pods-News-NewsUITests.release.xcconfig"; sourceTree = "<group>"; };
		F78AD54805C2067B71A9A5AF /* Pods-News.debug.xcconfig */ = {isa = PBXFileReference; includeInIndex = 1; lastKnownFileType = text.xcconfig; name = "Pods-News.debug.xcconfig"; path = "Target Support Files/Pods-News/Pods-News.debug.xcconfig"; sourceTree = "<group>"; };
/* End PBXFileReference section */

/* Begin PBXFrameworksBuildPhase section */
		5C44891628CDF6D3004BB02E /* Frameworks */ = {
			isa = PBXFrameworksBuildPhase;
			buildActionMask = 2147483647;
			files = (
				B16798FAF70186760A519484 /* Pods_News.framework in Frameworks */,
			);
			runOnlyForDeploymentPostprocessing = 0;
		};
		5C44892F28CDF6D4004BB02E /* Frameworks */ = {
			isa = PBXFrameworksBuildPhase;
			buildActionMask = 2147483647;
			files = (
				3B0B6415282E41CB07277CEC /* Pods_NewsTests.framework in Frameworks */,
			);
			runOnlyForDeploymentPostprocessing = 0;
		};
		5C44893928CDF6D4004BB02E /* Frameworks */ = {
			isa = PBXFrameworksBuildPhase;
			buildActionMask = 2147483647;
			files = (
				B7420FF6380634CEF50BFA3A /* Pods_News_NewsUITests.framework in Frameworks */,
			);
			runOnlyForDeploymentPostprocessing = 0;
		};
/* End PBXFrameworksBuildPhase section */

/* Begin PBXGroup section */
		369ABBCC81F90F9636BDB570 /* Pods */ = {
			isa = PBXGroup;
			children = (
				F78AD54805C2067B71A9A5AF /* Pods-News.debug.xcconfig */,
				62E866F53341FC6744337EEF /* Pods-News.release.xcconfig */,
				B22056FCEE0A41770F68724C /* Pods-News-NewsUITests.debug.xcconfig */,
				D702E520B99F8EBDD50DD0D3 /* Pods-News-NewsUITests.release.xcconfig */,
				43503E3110F2936591DBA0E3 /* Pods-NewsTests.debug.xcconfig */,
				D0688E98C1CC791F525259F8 /* Pods-NewsTests.release.xcconfig */,
			);
			path = Pods;
			sourceTree = "<group>";
		};
		5C44891028CDF6D3004BB02E = {
			isa = PBXGroup;
			children = (
				5C44891B28CDF6D3004BB02E /* News */,
				5C44893528CDF6D4004BB02E /* NewsTests */,
				5C44893F28CDF6D4004BB02E /* NewsUITests */,
				5C44891A28CDF6D3004BB02E /* Products */,
				369ABBCC81F90F9636BDB570 /* Pods */,
				DCFF282FD9E1EC074F503153 /* Frameworks */,
			);
			sourceTree = "<group>";
		};
		5C44891A28CDF6D3004BB02E /* Products */ = {
			isa = PBXGroup;
			children = (
				5C44891928CDF6D3004BB02E /* News.app */,
				5C44893228CDF6D4004BB02E /* NewsTests.xctest */,
				5C44893C28CDF6D4004BB02E /* NewsUITests.xctest */,
			);
			name = Products;
			sourceTree = "<group>";
		};
		5C44891B28CDF6D3004BB02E /* News */ = {
			isa = PBXGroup;
			children = (
				5C44891C28CDF6D3004BB02E /* AppDelegate.swift */,
				5C44891E28CDF6D3004BB02E /* SceneDelegate.swift */,
				5C44895028CDF901004BB02E /* Modules */,
				924180CA2945F8E3007A0EDB /* Commons */,
				5C44896B28CDFAB6004BB02E /* Helpers */,
				5C4489A828CDFD2E004BB02E /* Theme */,
				5C4489AF28CDFD6F004BB02E /* SupportingFiles */,
				5C44892D28CDF6D4004BB02E /* Info.plist */,
				5C44892528CDF6D3004BB02E /* News.xcdatamodeld */,
			);
			path = News;
			sourceTree = "<group>";
		};
		5C44893528CDF6D4004BB02E /* NewsTests */ = {
			isa = PBXGroup;
			children = (
				5C44893628CDF6D4004BB02E /* NewsTests.swift */,
			);
			path = NewsTests;
			sourceTree = "<group>";
		};
		5C44893F28CDF6D4004BB02E /* NewsUITests */ = {
			isa = PBXGroup;
			children = (
				5C44894028CDF6D4004BB02E /* NewsUITests.swift */,
				5C44894228CDF6D4004BB02E /* NewsUITestsLaunchTests.swift */,
			);
			path = NewsUITests;
			sourceTree = "<group>";
		};
		5C44895028CDF901004BB02E /* Modules */ = {
			isa = PBXGroup;
			children = (
				5C44895128CDF944004BB02E /* ListNews */,
				5CA8CC2228D0E52300701A9B /* DetailNews */,
				5CCB3D8C28F06B79006926C8 /* FavNews */,
				5C4FA7CB28D1E64B00EA67B7 /* WebView */,
			);
			path = Modules;
			sourceTree = "<group>";
		};
		5C44895128CDF944004BB02E /* ListNews */ = {
			isa = PBXGroup;
			children = (
				924180C72945EB5F007A0EDB /* Contractor */,
				5C44895428CDF99E004BB02E /* Router */,
				5C44895828CDF9B4004BB02E /* View */,
				5C44895628CDF9A8004BB02E /* Presenter */,
				5C44895728CDF9AE004BB02E /* Interactor */,
				5C44895528CDF9A3004BB02E /* Entity */,
			);
			path = ListNews;
			sourceTree = "<group>";
		};
		5C44895428CDF99E004BB02E /* Router */ = {
			isa = PBXGroup;
			children = (
				5C44896328CDF9F0004BB02E /* ListRouter.swift */,
				5C44896528CDF9FD004BB02E /* ListBuilder.swift */,
			);
			path = Router;
			sourceTree = "<group>";
		};
		5C44895528CDF9A3004BB02E /* Entity */ = {
			isa = PBXGroup;
			children = (
				5C44896128CDF9E7004BB02E /* ListEntity.swift */,
			);
			path = Entity;
			sourceTree = "<group>";
		};
		5C44895628CDF9A8004BB02E /* Presenter */ = {
			isa = PBXGroup;
			children = (
				5C44895F28CDF9DD004BB02E /* ListPresenter.swift */,
			);
			path = Presenter;
			sourceTree = "<group>";
		};
		5C44895728CDF9AE004BB02E /* Interactor */ = {
			isa = PBXGroup;
			children = (
				5C44895D28CDF9D4004BB02E /* ListInteractor.swift */,
			);
			path = Interactor;
			sourceTree = "<group>";
		};
		5C44895828CDF9B4004BB02E /* View */ = {
			isa = PBXGroup;
			children = (
				924180D829466F33007A0EDB /* Connector */,
				5C44895928CDF9CA004BB02E /* ListViewController.swift */,
				5C44895A28CDF9CA004BB02E /* ListViewController.xib */,
			);
			path = View;
			sourceTree = "<group>";
		};
		5C44896B28CDFAB6004BB02E /* Helpers */ = {
			isa = PBXGroup;
			children = (
				9267BE9229588F4E00E347E3 /* ActivityIndicator */,
				924180CE29460288007A0EDB /* BaseProtocols */,
				5CAA790228D4CBA800F0F1C3 /* CoreData */,
				5C44898328CDFBA7004BB02E /* Extensions */,
				5C44897128CDFB5A004BB02E /* Network */,
			);
			path = Helpers;
			sourceTree = "<group>";
		};
		5C44896C28CDFADB004BB02E /* Base */ = {
			isa = PBXGroup;
			children = (
				5C44896D28CDFAE8004BB02E /* BaseViewController.swift */,
			);
			path = Base;
			sourceTree = "<group>";
		};
		5C44897128CDFB5A004BB02E /* Network */ = {
			isa = PBXGroup;
			children = (
				5C44897228CDFB67004BB02E /* NetworkManager.swift */,
				5C44897328CDFB67004BB02E /* Models.swift */,
				5C44897B28CDFB89004BB02E /* Networkable.swift */,
			);
			path = Network;
			sourceTree = "<group>";
		};
		5C44898328CDFBA7004BB02E /* Extensions */ = {
			isa = PBXGroup;
			children = (
				5C44899828CDFBC2004BB02E /* Array+Ext.swift */,
				5C44899A28CDFBE6004BB02E /* CGFloat+Ext.swift */,
				5C6E84A828CE255000EBB1EB /* String+Ext.swift */,
				5CA8CC3D28D0EE5700701A9B /* UIImageView+Ext.swift */,
				5C6E84B328CE5B3700EBB1EB /* Date+Ext.swift */,
				5C44899C28CDFC05004BB02E /* NSObject+Ext.swift */,
				5C4489A028CDFC68004BB02E /* UICollectionView+Ext.swift */,
				5C4489A228CDFC96004BB02E /* UITableView+Ext.swift */,
				5C4489A428CDFCB7004BB02E /* UIViewController+Ext.swift */,
				5C4489A628CDFCCD004BB02E /* UIView+Ext.swift */,
				924180C82945F0C4007A0EDB /* Int+Ext.swift */,
			);
			path = Extensions;
			sourceTree = "<group>";
		};
		5C4489A828CDFD2E004BB02E /* Theme */ = {
			isa = PBXGroup;
			children = (
				5C4489AB28CDFD4C004BB02E /* Colours.swift */,
				5C4489AD28CDFD51004BB02E /* Fonts.swift */,
				5CCB3D8328F03AD1006926C8 /* Fonts */,
			);
			path = Theme;
			sourceTree = "<group>";
		};
		5C4489AF28CDFD6F004BB02E /* SupportingFiles */ = {
			isa = PBXGroup;
			children = (
				92C48CF42958957C00182F20 /* Lottie */,
				5C6E84A328CE099600EBB1EB /* Constants */,
				5C44892828CDF6D4004BB02E /* Assets.xcassets */,
				5C44892A28CDF6D4004BB02E /* LaunchScreen.storyboard */,
				5C6E84A628CE0D4800EBB1EB /* Main.storyboard */,
			);
			path = SupportingFiles;
			sourceTree = "<group>";
		};
		5C4FA7CB28D1E64B00EA67B7 /* WebView */ = {
			isa = PBXGroup;
			children = (
				924180E8294698FD007A0EDB /* Contractor */,
				5C4FA7CC28D1E66D00EA67B7 /* Router */,
				5C4FA7D028D1E68300EA67B7 /* View */,
				5C4FA7CE28D1E67700EA67B7 /* Presenter */,
				5C4FA7CF28D1E67D00EA67B7 /* Interactor */,
				5C4FA7CD28D1E67200EA67B7 /* Entity */,
			);
			path = WebView;
			sourceTree = "<group>";
		};
		5C4FA7CC28D1E66D00EA67B7 /* Router */ = {
			isa = PBXGroup;
			children = (
				5C4FA7D128D1E69700EA67B7 /* WebRouter.swift */,
				5C4FA7DB28D1E6CB00EA67B7 /* WebBuilder.swift */,
			);
			path = Router;
			sourceTree = "<group>";
		};
		5C4FA7CD28D1E67200EA67B7 /* Entity */ = {
			isa = PBXGroup;
			children = (
				5C4FA7D328D1E6A400EA67B7 /* WebEntity.swift */,
			);
			path = Entity;
			sourceTree = "<group>";
		};
		5C4FA7CE28D1E67700EA67B7 /* Presenter */ = {
			isa = PBXGroup;
			children = (
				5C4FA7D528D1E6B000EA67B7 /* WebPresenter.swift */,
			);
			path = Presenter;
			sourceTree = "<group>";
		};
		5C4FA7CF28D1E67D00EA67B7 /* Interactor */ = {
			isa = PBXGroup;
			children = (
				5C4FA7D928D1E6C200EA67B7 /* WebInteractor.swift */,
			);
			path = Interactor;
			sourceTree = "<group>";
		};
		5C4FA7D028D1E68300EA67B7 /* View */ = {
			isa = PBXGroup;
			children = (
				5C4FA7DD28D1E6E100EA67B7 /* WebViewController.swift */,
				5C4FA7DE28D1E6E100EA67B7 /* WebViewController.xib */,
			);
			path = View;
			sourceTree = "<group>";
		};
		5C6E84A328CE099600EBB1EB /* Constants */ = {
			isa = PBXGroup;
			children = (
				5C6E84A428CE09AA00EBB1EB /* ApplicationConstant.swift */,
			);
			path = Constants;
			sourceTree = "<group>";
		};
		5C7F64F128F1BDD000B09382 /* Views */ = {
			isa = PBXGroup;
			children = (
				924180CC2945FEEE007A0EDB /* ActivityView */,
			);
			path = Views;
			sourceTree = "<group>";
		};
		5CA8CC2228D0E52300701A9B /* DetailNews */ = {
			isa = PBXGroup;
			children = (
				924180D92946896A007A0EDB /* Contractor */,
				5CA8CC2328D0E59300701A9B /* Router */,
				5CA8CC2728D0E5AC00701A9B /* View */,
				5CA8CC2528D0E5A000701A9B /* Presenter */,
				5CA8CC2628D0E5A600701A9B /* Interactor */,
				5CA8CC2428D0E59A00701A9B /* Entity */,
			);
			path = DetailNews;
			sourceTree = "<group>";
		};
		5CA8CC2328D0E59300701A9B /* Router */ = {
			isa = PBXGroup;
			children = (
				5CA8CC2828D0E5B900701A9B /* DetailRouter.swift */,
				5CA8CC2A28D0E5C300701A9B /* DetailBuilder.swift */,
			);
			path = Router;
			sourceTree = "<group>";
		};
		5CA8CC2428D0E59A00701A9B /* Entity */ = {
			isa = PBXGroup;
			children = (
				5CA8CC2C28D0E5CF00701A9B /* DetailEntity.swift */,
			);
			path = Entity;
			sourceTree = "<group>";
		};
		5CA8CC2528D0E5A000701A9B /* Presenter */ = {
			isa = PBXGroup;
			children = (
				5CA8CC2E28D0E5D900701A9B /* DetailPresenter.swift */,
			);
			path = Presenter;
			sourceTree = "<group>";
		};
		5CA8CC2628D0E5A600701A9B /* Interactor */ = {
			isa = PBXGroup;
			children = (
				5CA8CC3228D0E5F200701A9B /* DetailInteractor.swift */,
			);
			path = Interactor;
			sourceTree = "<group>";
		};
		5CA8CC2728D0E5AC00701A9B /* View */ = {
			isa = PBXGroup;
			children = (
				924180DA29468A6E007A0EDB /* Connector */,
				5CA8CC3428D0E60B00701A9B /* DetailViewController.swift */,
				5CA8CC3528D0E60B00701A9B /* DetailViewController.xib */,
			);
			path = View;
			sourceTree = "<group>";
		};
		5CAA790228D4CBA800F0F1C3 /* CoreData */ = {
			isa = PBXGroup;
			children = (
				5CAA790328D4CBB700F0F1C3 /* CoreDataManager.swift */,
			);
			path = CoreData;
			sourceTree = "<group>";
		};
		5CCB3D8328F03AD1006926C8 /* Fonts */ = {
			isa = PBXGroup;
			children = (
				5CCB3D8528F03AED006926C8 /* Nunito-Bold.ttf */,
				5CCB3D8728F03AED006926C8 /* Nunito-Italic.ttf */,
				5CCB3D8428F03AED006926C8 /* Nunito-Light.ttf */,
				5CCB3D8628F03AED006926C8 /* Nunito-Medium.ttf */,
			);
			path = Fonts;
			sourceTree = "<group>";
		};
		5CCB3D8C28F06B79006926C8 /* FavNews */ = {
			isa = PBXGroup;
			children = (
				924180E329469307007A0EDB /* Contractor */,
				5CCB3D8D28F06B86006926C8 /* Router */,
				5CCB3D9128F06B9E006926C8 /* View */,
				5CCB3D8F28F06B90006926C8 /* Presenter */,
				5CCB3D9028F06B96006926C8 /* Interactor */,
				5CCB3D8E28F06B8B006926C8 /* Entity */,
			);
			path = FavNews;
			sourceTree = "<group>";
		};
		5CCB3D8D28F06B86006926C8 /* Router */ = {
			isa = PBXGroup;
			children = (
				5CCB3D9228F06BD2006926C8 /* FavsRouter.swift */,
				5CCB3D9428F06BDB006926C8 /* FavsBuilder.swift */,
			);
			path = Router;
			sourceTree = "<group>";
		};
		5CCB3D8E28F06B8B006926C8 /* Entity */ = {
			isa = PBXGroup;
			children = (
				5CCB3DA828F06C99006926C8 /* FavsEntity.swift */,
			);
			path = Entity;
			sourceTree = "<group>";
		};
		5CCB3D8F28F06B90006926C8 /* Presenter */ = {
			isa = PBXGroup;
			children = (
				5CCB3DA428F06C69006926C8 /* FavsPresenter.swift */,
			);
			path = Presenter;
			sourceTree = "<group>";
		};
		5CCB3D9028F06B96006926C8 /* Interactor */ = {
			isa = PBXGroup;
			children = (
				5CCB3DA228F06C51006926C8 /* FavsInteractor.swift */,
			);
			path = Interactor;
			sourceTree = "<group>";
		};
		5CCB3D9128F06B9E006926C8 /* View */ = {
			isa = PBXGroup;
			children = (
				924180E42946937A007A0EDB /* Connector */,
				5CCB3D9E28F06C3E006926C8 /* FavsViewController.swift */,
				5CCB3D9F28F06C3E006926C8 /* FavsViewController.xib */,
			);
			path = View;
			sourceTree = "<group>";
		};
		924180C72945EB5F007A0EDB /* Contractor */ = {
			isa = PBXGroup;
			children = (
				5C44896728CDFA06004BB02E /* ListContractor.swift */,
			);
			path = Contractor;
			sourceTree = "<group>";
		};
		924180CA2945F8E3007A0EDB /* Commons */ = {
			isa = PBXGroup;
			children = (
				5C44896C28CDFADB004BB02E /* Base */,
				924180CB2945FC21007A0EDB /* AppRouter */,
				5C7F64F128F1BDD000B09382 /* Views */,
			);
			path = Commons;
			sourceTree = "<group>";
		};
		924180CB2945FC21007A0EDB /* AppRouter */ = {
			isa = PBXGroup;
			children = (
				5C6B477D28D90D5100249E76 /* AppRouter.swift */,
				5C44897A28CDFB89004BB02E /* Routerable.swift */,
			);
			path = AppRouter;
			sourceTree = "<group>";
		};
		924180CC2945FEEE007A0EDB /* ActivityView */ = {
			isa = PBXGroup;
			children = (
				5C7F64F228F1BE3400B09382 /* ActivityView.swift */,
				5C7F64F328F1BE3400B09382 /* ActivityView.xib */,
			);
			path = ActivityView;
			sourceTree = "<group>";
		};
		924180CE29460288007A0EDB /* BaseProtocols */ = {
			isa = PBXGroup;
			children = (
				5C44897728CDFB88004BB02E /* Contractable.swift */,
			);
			path = BaseProtocols;
			sourceTree = "<group>";
		};
		924180D02946225E007A0EDB /* Cells */ = {
			isa = PBXGroup;
			children = (
				5C6E84AB28CE25EF00EBB1EB /* NewsTableViewCell.swift */,
				5C6E84AC28CE25F000EBB1EB /* NewsTableViewCell.xib */,
			);
			path = Cells;
			sourceTree = "<group>";
		};
		924180D729462663007A0EDB /* Header */ = {
			isa = PBXGroup;
			children = (
				924180D329462532007A0EDB /* SearchBarHeaderView.swift */,
				924180D52946253C007A0EDB /* SearchBarHeaderView.xib */,
			);
			path = Header;
			sourceTree = "<group>";
		};
		924180D829466F33007A0EDB /* Connector */ = {
			isa = PBXGroup;
			children = (
				924180D129462289007A0EDB /* ListNewsTableView.swift */,
				924180D729462663007A0EDB /* Header */,
				924180D02946225E007A0EDB /* Cells */,
			);
			path = Connector;
			sourceTree = "<group>";
		};
		924180D92946896A007A0EDB /* Contractor */ = {
			isa = PBXGroup;
			children = (
				5CA8CC3028D0E5E200701A9B /* DetailContractor.swift */,
			);
			path = Contractor;
			sourceTree = "<group>";
		};
		924180DA29468A6E007A0EDB /* Connector */ = {
			isa = PBXGroup;
			children = (
				924180E129468BBB007A0EDB /* DetailNewsTableView.swift */,
				924180DC29468AA3007A0EDB /* Footer */,
				924180DB29468A99007A0EDB /* Cells */,
			);
			path = Connector;
			sourceTree = "<group>";
		};
		924180DB29468A99007A0EDB /* Cells */ = {
			isa = PBXGroup;
			children = (
				5CA8CC3928D0E9D000701A9B /* DetailTableViewCell.swift */,
				5CA8CC3A28D0E9D000701A9B /* DetailTableViewCell.xib */,
			);
			path = Cells;
			sourceTree = "<group>";
		};
		924180DC29468AA3007A0EDB /* Footer */ = {
			isa = PBXGroup;
			children = (
				924180DD29468ABE007A0EDB /* PrimaryButtonFooterView.swift */,
				924180DF29468ACC007A0EDB /* PrimaryButtonFooterView.xib */,
			);
			path = Footer;
			sourceTree = "<group>";
		};
		924180E329469307007A0EDB /* Contractor */ = {
			isa = PBXGroup;
			children = (
				5CCB3DA628F06C72006926C8 /* FavsContractor.swift */,
			);
			path = Contractor;
			sourceTree = "<group>";
		};
		924180E42946937A007A0EDB /* Connector */ = {
			isa = PBXGroup;
			children = (
				924180E529469390007A0EDB /* FavNewsCollectionView.swift */,
				924180E7294693B9007A0EDB /* Cells */,
			);
			path = Connector;
			sourceTree = "<group>";
		};
		924180E7294693B9007A0EDB /* Cells */ = {
			isa = PBXGroup;
			children = (
				5CE8874828F086CE0059431B /* FavNewsCollectionViewCell.swift */,
				5CE8874928F086CE0059431B /* FavNewsCollectionViewCell.xib */,
			);
			path = Cells;
			sourceTree = "<group>";
		};
		924180E8294698FD007A0EDB /* Contractor */ = {
			isa = PBXGroup;
			children = (
				5C4FA7D728D1E6B900EA67B7 /* WebContractor.swift */,
			);
			path = Contractor;
			sourceTree = "<group>";
		};
		9267BE9229588F4E00E347E3 /* ActivityIndicator */ = {
			isa = PBXGroup;
			children = (
				9267BE9329588F5C00E347E3 /* View */,
				9267BE9429588F6C00E347E3 /* ActivityIndicatorManager.swift */,
			);
			path = ActivityIndicator;
			sourceTree = "<group>";
		};
		9267BE9329588F5C00E347E3 /* View */ = {
			isa = PBXGroup;
			children = (
				9267BE9629588FB500E347E3 /* ActivityIndicator.swift */,
				9267BE9829588FBC00E347E3 /* ActivityIndicator.xib */,
			);
			path = View;
			sourceTree = "<group>";
		};
		92C48CF42958957C00182F20 /* Lottie */ = {
			isa = PBXGroup;
			children = (
				92C48CF5295895A400182F20 /* indicator-animation-view.json */,
			);
			path = Lottie;
			sourceTree = "<group>";
		};
		DCFF282FD9E1EC074F503153 /* Frameworks */ = {
			isa = PBXGroup;
			children = (
				340F56EAB471065005C26432 /* Pods_News.framework */,
				202D8388D29BF201BD96209C /* Pods_News_NewsUITests.framework */,
				737D7579AEAC11FCDFAEF11A /* Pods_NewsTests.framework */,
			);
			name = Frameworks;
			sourceTree = "<group>";
		};
/* End PBXGroup section */

/* Begin PBXNativeTarget section */
		5C44891828CDF6D3004BB02E /* News */ = {
			isa = PBXNativeTarget;
			buildConfigurationList = 5C44894628CDF6D4004BB02E /* Build configuration list for PBXNativeTarget "News" */;
			buildPhases = (
				3FA64AF1DC8FA16539F637A7 /* [CP] Check Pods Manifest.lock */,
				5C44891528CDF6D3004BB02E /* Sources */,
				5C44891628CDF6D3004BB02E /* Frameworks */,
				5C44891728CDF6D3004BB02E /* Resources */,
				6F15E85CD0DBB3D5A1DAA1FA /* [CP] Embed Pods Frameworks */,
			);
			buildRules = (
			);
			dependencies = (
			);
			name = News;
			productName = News;
			productReference = 5C44891928CDF6D3004BB02E /* News.app */;
			productType = "com.apple.product-type.application";
		};
		5C44893128CDF6D4004BB02E /* NewsTests */ = {
			isa = PBXNativeTarget;
			buildConfigurationList = 5C44894928CDF6D4004BB02E /* Build configuration list for PBXNativeTarget "NewsTests" */;
			buildPhases = (
				8A38A5B5F683E5F2B76151AC /* [CP] Check Pods Manifest.lock */,
				5C44892E28CDF6D4004BB02E /* Sources */,
				5C44892F28CDF6D4004BB02E /* Frameworks */,
				5C44893028CDF6D4004BB02E /* Resources */,
			);
			buildRules = (
			);
			dependencies = (
				5C44893428CDF6D4004BB02E /* PBXTargetDependency */,
			);
			name = NewsTests;
			productName = NewsTests;
			productReference = 5C44893228CDF6D4004BB02E /* NewsTests.xctest */;
			productType = "com.apple.product-type.bundle.unit-test";
		};
		5C44893B28CDF6D4004BB02E /* NewsUITests */ = {
			isa = PBXNativeTarget;
			buildConfigurationList = 5C44894C28CDF6D4004BB02E /* Build configuration list for PBXNativeTarget "NewsUITests" */;
			buildPhases = (
				59216E8620AC3EB8F53CFAC6 /* [CP] Check Pods Manifest.lock */,
				5C44893828CDF6D4004BB02E /* Sources */,
				5C44893928CDF6D4004BB02E /* Frameworks */,
				5C44893A28CDF6D4004BB02E /* Resources */,
				985E3EF5EF36A01F5EFA548A /* [CP] Embed Pods Frameworks */,
			);
			buildRules = (
			);
			dependencies = (
				5C44893E28CDF6D4004BB02E /* PBXTargetDependency */,
			);
			name = NewsUITests;
			productName = NewsUITests;
			productReference = 5C44893C28CDF6D4004BB02E /* NewsUITests.xctest */;
			productType = "com.apple.product-type.bundle.ui-testing";
		};
/* End PBXNativeTarget section */

/* Begin PBXProject section */
		5C44891128CDF6D3004BB02E /* Project object */ = {
			isa = PBXProject;
			attributes = {
				BuildIndependentTargetsInParallel = 1;
				LastSwiftUpdateCheck = 1340;
				LastUpgradeCheck = 1340;
				TargetAttributes = {
					5C44891828CDF6D3004BB02E = {
						CreatedOnToolsVersion = 13.4.1;
					};
					5C44893128CDF6D4004BB02E = {
						CreatedOnToolsVersion = 13.4.1;
						TestTargetID = 5C44891828CDF6D3004BB02E;
					};
					5C44893B28CDF6D4004BB02E = {
						CreatedOnToolsVersion = 13.4.1;
						TestTargetID = 5C44891828CDF6D3004BB02E;
					};
				};
			};
			buildConfigurationList = 5C44891428CDF6D3004BB02E /* Build configuration list for PBXProject "News" */;
			compatibilityVersion = "Xcode 13.0";
			developmentRegion = en;
			hasScannedForEncodings = 0;
			knownRegions = (
				en,
				Base,
			);
			mainGroup = 5C44891028CDF6D3004BB02E;
			productRefGroup = 5C44891A28CDF6D3004BB02E /* Products */;
			projectDirPath = "";
			projectRoot = "";
			targets = (
				5C44891828CDF6D3004BB02E /* News */,
				5C44893128CDF6D4004BB02E /* NewsTests */,
				5C44893B28CDF6D4004BB02E /* NewsUITests */,
			);
		};
/* End PBXProject section */

/* Begin PBXResourcesBuildPhase section */
		5C44891728CDF6D3004BB02E /* Resources */ = {
			isa = PBXResourcesBuildPhase;
			buildActionMask = 2147483647;
			files = (
				5CCB3D8A28F03AED006926C8 /* Nunito-Medium.ttf in Resources */,
				5C44892C28CDF6D4004BB02E /* LaunchScreen.storyboard in Resources */,
				92C48CF6295895A400182F20 /* indicator-animation-view.json in Resources */,
				5CA8CC3C28D0E9D000701A9B /* DetailTableViewCell.xib in Resources */,
				5CCB3D8B28F03AED006926C8 /* Nunito-Italic.ttf in Resources */,
				5CCB3D8828F03AED006926C8 /* Nunito-Light.ttf in Resources */,
				5C44892928CDF6D4004BB02E /* Assets.xcassets in Resources */,
				5CA8CC3728D0E60B00701A9B /* DetailViewController.xib in Resources */,
				5C44895C28CDF9CA004BB02E /* ListViewController.xib in Resources */,
				5CCB3DA128F06C3E006926C8 /* FavsViewController.xib in Resources */,
				5C7F64F528F1BE3400B09382 /* ActivityView.xib in Resources */,
				9267BE9929588FBC00E347E3 /* ActivityIndicator.xib in Resources */,
				5C6E84A728CE0D4800EBB1EB /* Main.storyboard in Resources */,
				5C4FA7E028D1E6E100EA67B7 /* WebViewController.xib in Resources */,
				5CCB3D8928F03AED006926C8 /* Nunito-Bold.ttf in Resources */,
				5C6E84AE28CE25F000EBB1EB /* NewsTableViewCell.xib in Resources */,
				5CE8874B28F086CE0059431B /* FavNewsCollectionViewCell.xib in Resources */,
				924180E029468ACC007A0EDB /* PrimaryButtonFooterView.xib in Resources */,
				924180D62946253C007A0EDB /* SearchBarHeaderView.xib in Resources */,
			);
			runOnlyForDeploymentPostprocessing = 0;
		};
		5C44893028CDF6D4004BB02E /* Resources */ = {
			isa = PBXResourcesBuildPhase;
			buildActionMask = 2147483647;
			files = (
			);
			runOnlyForDeploymentPostprocessing = 0;
		};
		5C44893A28CDF6D4004BB02E /* Resources */ = {
			isa = PBXResourcesBuildPhase;
			buildActionMask = 2147483647;
			files = (
			);
			runOnlyForDeploymentPostprocessing = 0;
		};
/* End PBXResourcesBuildPhase section */

/* Begin PBXShellScriptBuildPhase section */
		3FA64AF1DC8FA16539F637A7 /* [CP] Check Pods Manifest.lock */ = {
			isa = PBXShellScriptBuildPhase;
			buildActionMask = 2147483647;
			files = (
			);
			inputFileListPaths = (
			);
			inputPaths = (
				"${PODS_PODFILE_DIR_PATH}/Podfile.lock",
				"${PODS_ROOT}/Manifest.lock",
			);
			name = "[CP] Check Pods Manifest.lock";
			outputFileListPaths = (
			);
			outputPaths = (
				"$(DERIVED_FILE_DIR)/Pods-News-checkManifestLockResult.txt",
			);
			runOnlyForDeploymentPostprocessing = 0;
			shellPath = /bin/sh;
			shellScript = "diff \"${PODS_PODFILE_DIR_PATH}/Podfile.lock\" \"${PODS_ROOT}/Manifest.lock\" > /dev/null\nif [ $? != 0 ] ; then\n    # print error to STDERR\n    echo \"error: The sandbox is not in sync with the Podfile.lock. Run 'pod install' or update your CocoaPods installation.\" >&2\n    exit 1\nfi\n# This output is used by Xcode 'outputs' to avoid re-running this script phase.\necho \"SUCCESS\" > \"${SCRIPT_OUTPUT_FILE_0}\"\n";
			showEnvVarsInLog = 0;
		};
		59216E8620AC3EB8F53CFAC6 /* [CP] Check Pods Manifest.lock */ = {
			isa = PBXShellScriptBuildPhase;
			buildActionMask = 2147483647;
			files = (
			);
			inputFileListPaths = (
			);
			inputPaths = (
				"${PODS_PODFILE_DIR_PATH}/Podfile.lock",
				"${PODS_ROOT}/Manifest.lock",
			);
			name = "[CP] Check Pods Manifest.lock";
			outputFileListPaths = (
			);
			outputPaths = (
				"$(DERIVED_FILE_DIR)/Pods-News-NewsUITests-checkManifestLockResult.txt",
			);
			runOnlyForDeploymentPostprocessing = 0;
			shellPath = /bin/sh;
			shellScript = "diff \"${PODS_PODFILE_DIR_PATH}/Podfile.lock\" \"${PODS_ROOT}/Manifest.lock\" > /dev/null\nif [ $? != 0 ] ; then\n    # print error to STDERR\n    echo \"error: The sandbox is not in sync with the Podfile.lock. Run 'pod install' or update your CocoaPods installation.\" >&2\n    exit 1\nfi\n# This output is used by Xcode 'outputs' to avoid re-running this script phase.\necho \"SUCCESS\" > \"${SCRIPT_OUTPUT_FILE_0}\"\n";
			showEnvVarsInLog = 0;
		};
		6F15E85CD0DBB3D5A1DAA1FA /* [CP] Embed Pods Frameworks */ = {
			isa = PBXShellScriptBuildPhase;
			buildActionMask = 2147483647;
			files = (
			);
			inputFileListPaths = (
				"${PODS_ROOT}/Target Support Files/Pods-News/Pods-News-frameworks-${CONFIGURATION}-input-files.xcfilelist",
			);
			name = "[CP] Embed Pods Frameworks";
			outputFileListPaths = (
				"${PODS_ROOT}/Target Support Files/Pods-News/Pods-News-frameworks-${CONFIGURATION}-output-files.xcfilelist",
			);
			runOnlyForDeploymentPostprocessing = 0;
			shellPath = /bin/sh;
			shellScript = "\"${PODS_ROOT}/Target Support Files/Pods-News/Pods-News-frameworks.sh\"\n";
			showEnvVarsInLog = 0;
		};
		8A38A5B5F683E5F2B76151AC /* [CP] Check Pods Manifest.lock */ = {
			isa = PBXShellScriptBuildPhase;
			buildActionMask = 2147483647;
			files = (
			);
			inputFileListPaths = (
			);
			inputPaths = (
				"${PODS_PODFILE_DIR_PATH}/Podfile.lock",
				"${PODS_ROOT}/Manifest.lock",
			);
			name = "[CP] Check Pods Manifest.lock";
			outputFileListPaths = (
			);
			outputPaths = (
				"$(DERIVED_FILE_DIR)/Pods-NewsTests-checkManifestLockResult.txt",
			);
			runOnlyForDeploymentPostprocessing = 0;
			shellPath = /bin/sh;
			shellScript = "diff \"${PODS_PODFILE_DIR_PATH}/Podfile.lock\" \"${PODS_ROOT}/Manifest.lock\" > /dev/null\nif [ $? != 0 ] ; then\n    # print error to STDERR\n    echo \"error: The sandbox is not in sync with the Podfile.lock. Run 'pod install' or update your CocoaPods installation.\" >&2\n    exit 1\nfi\n# This output is used by Xcode 'outputs' to avoid re-running this script phase.\necho \"SUCCESS\" > \"${SCRIPT_OUTPUT_FILE_0}\"\n";
			showEnvVarsInLog = 0;
		};
		985E3EF5EF36A01F5EFA548A /* [CP] Embed Pods Frameworks */ = {
			isa = PBXShellScriptBuildPhase;
			buildActionMask = 2147483647;
			files = (
			);
			inputFileListPaths = (
				"${PODS_ROOT}/Target Support Files/Pods-News-NewsUITests/Pods-News-NewsUITests-frameworks-${CONFIGURATION}-input-files.xcfilelist",
			);
			name = "[CP] Embed Pods Frameworks";
			outputFileListPaths = (
				"${PODS_ROOT}/Target Support Files/Pods-News-NewsUITests/Pods-News-NewsUITests-frameworks-${CONFIGURATION}-output-files.xcfilelist",
			);
			runOnlyForDeploymentPostprocessing = 0;
			shellPath = /bin/sh;
			shellScript = "\"${PODS_ROOT}/Target Support Files/Pods-News-NewsUITests/Pods-News-NewsUITests-frameworks.sh\"\n";
			showEnvVarsInLog = 0;
		};
/* End PBXShellScriptBuildPhase section */

/* Begin PBXSourcesBuildPhase section */
		5C44891528CDF6D3004BB02E /* Sources */ = {
			isa = PBXSourcesBuildPhase;
			buildActionMask = 2147483647;
			files = (
				5C4489AE28CDFD51004BB02E /* Fonts.swift in Sources */,
				924180DE29468ABE007A0EDB /* PrimaryButtonFooterView.swift in Sources */,
				5C7F64F428F1BE3400B09382 /* ActivityView.swift in Sources */,
				5C44897428CDFB67004BB02E /* NetworkManager.swift in Sources */,
				5C44897528CDFB67004BB02E /* Models.swift in Sources */,
				5C44896428CDF9F0004BB02E /* ListRouter.swift in Sources */,
				5C6E84AD28CE25F000EBB1EB /* NewsTableViewCell.swift in Sources */,
				5CA8CC3E28D0EE5700701A9B /* UIImageView+Ext.swift in Sources */,
				5C4FA7DA28D1E6C200EA67B7 /* WebInteractor.swift in Sources */,
				9267BE9529588F6C00E347E3 /* ActivityIndicatorManager.swift in Sources */,
				924180E629469390007A0EDB /* FavNewsCollectionView.swift in Sources */,
				5C6E84B428CE5B3700EBB1EB /* Date+Ext.swift in Sources */,
				5CA8CC3628D0E60B00701A9B /* DetailViewController.swift in Sources */,
				5C4FA7D228D1E69700EA67B7 /* WebRouter.swift in Sources */,
				5CA8CC2F28D0E5D900701A9B /* DetailPresenter.swift in Sources */,
				5C4489A328CDFC96004BB02E /* UITableView+Ext.swift in Sources */,
				5C4FA7DF28D1E6E100EA67B7 /* WebViewController.swift in Sources */,
				5CCB3D9328F06BD2006926C8 /* FavsRouter.swift in Sources */,
				5CE8874A28F086CE0059431B /* FavNewsCollectionViewCell.swift in Sources */,
				5C44895E28CDF9D4004BB02E /* ListInteractor.swift in Sources */,
				5C6E84A528CE09AA00EBB1EB /* ApplicationConstant.swift in Sources */,
				5C4489A728CDFCCD004BB02E /* UIView+Ext.swift in Sources */,
				5C44896E28CDFAE8004BB02E /* BaseViewController.swift in Sources */,
				5C44897D28CDFB89004BB02E /* Contractable.swift in Sources */,
				5CCB3DA328F06C51006926C8 /* FavsInteractor.swift in Sources */,
				5C44896828CDFA06004BB02E /* ListContractor.swift in Sources */,
				5C44899D28CDFC05004BB02E /* NSObject+Ext.swift in Sources */,
				5CAA790428D4CBB700F0F1C3 /* CoreDataManager.swift in Sources */,
				9267BE9729588FB500E347E3 /* ActivityIndicator.swift in Sources */,
				5C4489A128CDFC68004BB02E /* UICollectionView+Ext.swift in Sources */,
				5C44896228CDF9E7004BB02E /* ListEntity.swift in Sources */,
				5C44891D28CDF6D3004BB02E /* AppDelegate.swift in Sources */,
				5C44898128CDFB89004BB02E /* Networkable.swift in Sources */,
				5CA8CC3328D0E5F200701A9B /* DetailInteractor.swift in Sources */,
				5CCB3DA728F06C72006926C8 /* FavsContractor.swift in Sources */,
				5CA8CC3B28D0E9D000701A9B /* DetailTableViewCell.swift in Sources */,
				5C44899B28CDFBE6004BB02E /* CGFloat+Ext.swift in Sources */,
				5CA8CC2B28D0E5C300701A9B /* DetailBuilder.swift in Sources */,
				5CCB3D9528F06BDB006926C8 /* FavsBuilder.swift in Sources */,
				5C6E84A928CE255000EBB1EB /* String+Ext.swift in Sources */,
				924180E229468BBB007A0EDB /* DetailNewsTableView.swift in Sources */,
				5C4489AC28CDFD4C004BB02E /* Colours.swift in Sources */,
				5CCB3DA528F06C69006926C8 /* FavsPresenter.swift in Sources */,
				5CA8CC2D28D0E5CF00701A9B /* DetailEntity.swift in Sources */,
				5C6B477E28D90D5100249E76 /* AppRouter.swift in Sources */,
				5C4FA7D428D1E6A400EA67B7 /* WebEntity.swift in Sources */,
				5CA8CC3128D0E5E200701A9B /* DetailContractor.swift in Sources */,
				5C44892728CDF6D3004BB02E /* News.xcdatamodeld in Sources */,
				5C44898028CDFB89004BB02E /* Routerable.swift in Sources */,
				5CCB3DA028F06C3E006926C8 /* FavsViewController.swift in Sources */,
				5C44895B28CDF9CA004BB02E /* ListViewController.swift in Sources */,
				5C44896028CDF9DD004BB02E /* ListPresenter.swift in Sources */,
				5C44899928CDFBC2004BB02E /* Array+Ext.swift in Sources */,
				924180D229462289007A0EDB /* ListNewsTableView.swift in Sources */,
				924180D429462532007A0EDB /* SearchBarHeaderView.swift in Sources */,
				5C44896628CDF9FD004BB02E /* ListBuilder.swift in Sources */,
				5CCB3DA928F06C99006926C8 /* FavsEntity.swift in Sources */,
				5CA8CC2928D0E5B900701A9B /* DetailRouter.swift in Sources */,
				5C4FA7DC28D1E6CB00EA67B7 /* WebBuilder.swift in Sources */,
				924180C92945F0C4007A0EDB /* Int+Ext.swift in Sources */,
				5C4FA7D828D1E6B900EA67B7 /* WebContractor.swift in Sources */,
				5C44891F28CDF6D3004BB02E /* SceneDelegate.swift in Sources */,
				5C4489A528CDFCB7004BB02E /* UIViewController+Ext.swift in Sources */,
				5C4FA7D628D1E6B000EA67B7 /* WebPresenter.swift in Sources */,
			);
			runOnlyForDeploymentPostprocessing = 0;
		};
		5C44892E28CDF6D4004BB02E /* Sources */ = {
			isa = PBXSourcesBuildPhase;
			buildActionMask = 2147483647;
			files = (
				5C44893728CDF6D4004BB02E /* NewsTests.swift in Sources */,
			);
			runOnlyForDeploymentPostprocessing = 0;
		};
		5C44893828CDF6D4004BB02E /* Sources */ = {
			isa = PBXSourcesBuildPhase;
			buildActionMask = 2147483647;
			files = (
				5C44894128CDF6D4004BB02E /* NewsUITests.swift in Sources */,
				5C44894328CDF6D4004BB02E /* NewsUITestsLaunchTests.swift in Sources */,
			);
			runOnlyForDeploymentPostprocessing = 0;
		};
/* End PBXSourcesBuildPhase section */

/* Begin PBXTargetDependency section */
		5C44893428CDF6D4004BB02E /* PBXTargetDependency */ = {
			isa = PBXTargetDependency;
			target = 5C44891828CDF6D3004BB02E /* News */;
			targetProxy = 5C44893328CDF6D4004BB02E /* PBXContainerItemProxy */;
		};
		5C44893E28CDF6D4004BB02E /* PBXTargetDependency */ = {
			isa = PBXTargetDependency;
			target = 5C44891828CDF6D3004BB02E /* News */;
			targetProxy = 5C44893D28CDF6D4004BB02E /* PBXContainerItemProxy */;
		};
/* End PBXTargetDependency section */

/* Begin PBXVariantGroup section */
		5C44892A28CDF6D4004BB02E /* LaunchScreen.storyboard */ = {
			isa = PBXVariantGroup;
			children = (
				5C44892B28CDF6D4004BB02E /* Base */,
			);
			name = LaunchScreen.storyboard;
			sourceTree = "<group>";
		};
/* End PBXVariantGroup section */

/* Begin XCBuildConfiguration section */
		5C44894428CDF6D4004BB02E /* Debug */ = {
			isa = XCBuildConfiguration;
			buildSettings = {
				ALWAYS_SEARCH_USER_PATHS = NO;
				CLANG_ANALYZER_NONNULL = YES;
				CLANG_ANALYZER_NUMBER_OBJECT_CONVERSION = YES_AGGRESSIVE;
				CLANG_CXX_LANGUAGE_STANDARD = "gnu++17";
				CLANG_ENABLE_MODULES = YES;
				CLANG_ENABLE_OBJC_ARC = YES;
				CLANG_ENABLE_OBJC_WEAK = YES;
				CLANG_WARN_BLOCK_CAPTURE_AUTORELEASING = YES;
				CLANG_WARN_BOOL_CONVERSION = YES;
				CLANG_WARN_COMMA = YES;
				CLANG_WARN_CONSTANT_CONVERSION = YES;
				CLANG_WARN_DEPRECATED_OBJC_IMPLEMENTATIONS = YES;
				CLANG_WARN_DIRECT_OBJC_ISA_USAGE = YES_ERROR;
				CLANG_WARN_DOCUMENTATION_COMMENTS = YES;
				CLANG_WARN_EMPTY_BODY = YES;
				CLANG_WARN_ENUM_CONVERSION = YES;
				CLANG_WARN_INFINITE_RECURSION = YES;
				CLANG_WARN_INT_CONVERSION = YES;
				CLANG_WARN_NON_LITERAL_NULL_CONVERSION = YES;
				CLANG_WARN_OBJC_IMPLICIT_RETAIN_SELF = YES;
				CLANG_WARN_OBJC_LITERAL_CONVERSION = YES;
				CLANG_WARN_OBJC_ROOT_CLASS = YES_ERROR;
				CLANG_WARN_QUOTED_INCLUDE_IN_FRAMEWORK_HEADER = YES;
				CLANG_WARN_RANGE_LOOP_ANALYSIS = YES;
				CLANG_WARN_STRICT_PROTOTYPES = YES;
				CLANG_WARN_SUSPICIOUS_MOVE = YES;
				CLANG_WARN_UNGUARDED_AVAILABILITY = YES_AGGRESSIVE;
				CLANG_WARN_UNREACHABLE_CODE = YES;
				CLANG_WARN__DUPLICATE_METHOD_MATCH = YES;
				COPY_PHASE_STRIP = NO;
				DEBUG_INFORMATION_FORMAT = dwarf;
				ENABLE_STRICT_OBJC_MSGSEND = YES;
				ENABLE_TESTABILITY = YES;
				GCC_C_LANGUAGE_STANDARD = gnu11;
				GCC_DYNAMIC_NO_PIC = NO;
				GCC_NO_COMMON_BLOCKS = YES;
				GCC_OPTIMIZATION_LEVEL = 0;
				GCC_PREPROCESSOR_DEFINITIONS = (
					"DEBUG=1",
					"$(inherited)",
				);
				GCC_WARN_64_TO_32_BIT_CONVERSION = YES;
				GCC_WARN_ABOUT_RETURN_TYPE = YES_ERROR;
				GCC_WARN_UNDECLARED_SELECTOR = YES;
				GCC_WARN_UNINITIALIZED_AUTOS = YES_AGGRESSIVE;
				GCC_WARN_UNUSED_FUNCTION = YES;
				GCC_WARN_UNUSED_VARIABLE = YES;
				IPHONEOS_DEPLOYMENT_TARGET = 15.5;
				MTL_ENABLE_DEBUG_INFO = INCLUDE_SOURCE;
				MTL_FAST_MATH = YES;
				ONLY_ACTIVE_ARCH = YES;
				SDKROOT = iphoneos;
				SWIFT_ACTIVE_COMPILATION_CONDITIONS = DEBUG;
				SWIFT_OPTIMIZATION_LEVEL = "-Onone";
			};
			name = Debug;
		};
		5C44894528CDF6D4004BB02E /* Release */ = {
			isa = XCBuildConfiguration;
			buildSettings = {
				ALWAYS_SEARCH_USER_PATHS = NO;
				CLANG_ANALYZER_NONNULL = YES;
				CLANG_ANALYZER_NUMBER_OBJECT_CONVERSION = YES_AGGRESSIVE;
				CLANG_CXX_LANGUAGE_STANDARD = "gnu++17";
				CLANG_ENABLE_MODULES = YES;
				CLANG_ENABLE_OBJC_ARC = YES;
				CLANG_ENABLE_OBJC_WEAK = YES;
				CLANG_WARN_BLOCK_CAPTURE_AUTORELEASING = YES;
				CLANG_WARN_BOOL_CONVERSION = YES;
				CLANG_WARN_COMMA = YES;
				CLANG_WARN_CONSTANT_CONVERSION = YES;
				CLANG_WARN_DEPRECATED_OBJC_IMPLEMENTATIONS = YES;
				CLANG_WARN_DIRECT_OBJC_ISA_USAGE = YES_ERROR;
				CLANG_WARN_DOCUMENTATION_COMMENTS = YES;
				CLANG_WARN_EMPTY_BODY = YES;
				CLANG_WARN_ENUM_CONVERSION = YES;
				CLANG_WARN_INFINITE_RECURSION = YES;
				CLANG_WARN_INT_CONVERSION = YES;
				CLANG_WARN_NON_LITERAL_NULL_CONVERSION = YES;
				CLANG_WARN_OBJC_IMPLICIT_RETAIN_SELF = YES;
				CLANG_WARN_OBJC_LITERAL_CONVERSION = YES;
				CLANG_WARN_OBJC_ROOT_CLASS = YES_ERROR;
				CLANG_WARN_QUOTED_INCLUDE_IN_FRAMEWORK_HEADER = YES;
				CLANG_WARN_RANGE_LOOP_ANALYSIS = YES;
				CLANG_WARN_STRICT_PROTOTYPES = YES;
				CLANG_WARN_SUSPICIOUS_MOVE = YES;
				CLANG_WARN_UNGUARDED_AVAILABILITY = YES_AGGRESSIVE;
				CLANG_WARN_UNREACHABLE_CODE = YES;
				CLANG_WARN__DUPLICATE_METHOD_MATCH = YES;
				COPY_PHASE_STRIP = NO;
				DEBUG_INFORMATION_FORMAT = "dwarf-with-dsym";
				ENABLE_NS_ASSERTIONS = NO;
				ENABLE_STRICT_OBJC_MSGSEND = YES;
				GCC_C_LANGUAGE_STANDARD = gnu11;
				GCC_NO_COMMON_BLOCKS = YES;
				GCC_WARN_64_TO_32_BIT_CONVERSION = YES;
				GCC_WARN_ABOUT_RETURN_TYPE = YES_ERROR;
				GCC_WARN_UNDECLARED_SELECTOR = YES;
				GCC_WARN_UNINITIALIZED_AUTOS = YES_AGGRESSIVE;
				GCC_WARN_UNUSED_FUNCTION = YES;
				GCC_WARN_UNUSED_VARIABLE = YES;
				IPHONEOS_DEPLOYMENT_TARGET = 15.5;
				MTL_ENABLE_DEBUG_INFO = NO;
				MTL_FAST_MATH = YES;
				SDKROOT = iphoneos;
				SWIFT_COMPILATION_MODE = wholemodule;
				SWIFT_OPTIMIZATION_LEVEL = "-O";
				VALIDATE_PRODUCT = YES;
			};
			name = Release;
		};
		5C44894728CDF6D4004BB02E /* Debug */ = {
			isa = XCBuildConfiguration;
			baseConfigurationReference = F78AD54805C2067B71A9A5AF /* Pods-News.debug.xcconfig */;
			buildSettings = {
				ASSETCATALOG_COMPILER_APPICON_NAME = AppIcon;
				ASSETCATALOG_COMPILER_GLOBAL_ACCENT_COLOR_NAME = AccentColor;
				CODE_SIGN_STYLE = Automatic;
				CURRENT_PROJECT_VERSION = 1;
				DEVELOPMENT_TEAM = 6G5SN885V3;
				GENERATE_INFOPLIST_FILE = YES;
				INFOPLIST_FILE = News/Info.plist;
				INFOPLIST_KEY_UIApplicationSupportsIndirectInputEvents = YES;
				INFOPLIST_KEY_UILaunchStoryboardName = LaunchScreen;
				INFOPLIST_KEY_UISupportedInterfaceOrientations = UIInterfaceOrientationPortrait;
				INFOPLIST_KEY_UISupportedInterfaceOrientations_iPad = "UIInterfaceOrientationPortrait UIInterfaceOrientationPortraitUpsideDown UIInterfaceOrientationLandscapeLeft UIInterfaceOrientationLandscapeRight";
				INFOPLIST_KEY_UISupportedInterfaceOrientations_iPhone = "UIInterfaceOrientationPortrait UIInterfaceOrientationLandscapeLeft UIInterfaceOrientationLandscapeRight";
				IPHONEOS_DEPLOYMENT_TARGET = 13.0;
				LD_RUNPATH_SEARCH_PATHS = (
					"$(inherited)",
					"@executable_path/Frameworks",
				);
				MARKETING_VERSION = 1.0.0;
				PRODUCT_BUNDLE_IDENTIFIER = com.gameappdev.News;
				PRODUCT_NAME = "$(TARGET_NAME)";
				SWIFT_EMIT_LOC_STRINGS = YES;
				SWIFT_VERSION = 5.0;
				TARGETED_DEVICE_FAMILY = 1;
			};
			name = Debug;
		};
		5C44894828CDF6D4004BB02E /* Release */ = {
			isa = XCBuildConfiguration;
			baseConfigurationReference = 62E866F53341FC6744337EEF /* Pods-News.release.xcconfig */;
			buildSettings = {
				ASSETCATALOG_COMPILER_APPICON_NAME = AppIcon;
				ASSETCATALOG_COMPILER_GLOBAL_ACCENT_COLOR_NAME = AccentColor;
				CODE_SIGN_STYLE = Automatic;
				CURRENT_PROJECT_VERSION = 1;
				DEVELOPMENT_TEAM = 6G5SN885V3;
				GENERATE_INFOPLIST_FILE = YES;
				INFOPLIST_FILE = News/Info.plist;
				INFOPLIST_KEY_UIApplicationSupportsIndirectInputEvents = YES;
				INFOPLIST_KEY_UILaunchStoryboardName = LaunchScreen;
				INFOPLIST_KEY_UISupportedInterfaceOrientations = UIInterfaceOrientationPortrait;
				INFOPLIST_KEY_UISupportedInterfaceOrientations_iPad = "UIInterfaceOrientationPortrait UIInterfaceOrientationPortraitUpsideDown UIInterfaceOrientationLandscapeLeft UIInterfaceOrientationLandscapeRight";
				INFOPLIST_KEY_UISupportedInterfaceOrientations_iPhone = "UIInterfaceOrientationPortrait UIInterfaceOrientationLandscapeLeft UIInterfaceOrientationLandscapeRight";
				IPHONEOS_DEPLOYMENT_TARGET = 13.0;
				LD_RUNPATH_SEARCH_PATHS = (
					"$(inherited)",
					"@executable_path/Frameworks",
				);
				MARKETING_VERSION = 1.0.0;
				PRODUCT_BUNDLE_IDENTIFIER = com.gameappdev.News;
				PRODUCT_NAME = "$(TARGET_NAME)";
				SWIFT_EMIT_LOC_STRINGS = YES;
				SWIFT_VERSION = 5.0;
				TARGETED_DEVICE_FAMILY = 1;
			};
			name = Release;
		};
		5C44894A28CDF6D4004BB02E /* Debug */ = {
			isa = XCBuildConfiguration;
			baseConfigurationReference = 43503E3110F2936591DBA0E3 /* Pods-NewsTests.debug.xcconfig */;
			buildSettings = {
				ALWAYS_EMBED_SWIFT_STANDARD_LIBRARIES = YES;
				BUNDLE_LOADER = "$(TEST_HOST)";
				CODE_SIGN_STYLE = Automatic;
				CURRENT_PROJECT_VERSION = 1;
				DEVELOPMENT_TEAM = 6G5SN885V3;
				GENERATE_INFOPLIST_FILE = YES;
				IPHONEOS_DEPLOYMENT_TARGET = 15.5;
				MARKETING_VERSION = 1.0;
				PRODUCT_BUNDLE_IDENTIFIER = com.gameappdev.NewsTests;
				PRODUCT_NAME = "$(TARGET_NAME)";
				SWIFT_EMIT_LOC_STRINGS = NO;
				SWIFT_VERSION = 5.0;
				TARGETED_DEVICE_FAMILY = "1,2";
				TEST_HOST = "$(BUILT_PRODUCTS_DIR)/News.app/News";
			};
			name = Debug;
		};
		5C44894B28CDF6D4004BB02E /* Release */ = {
			isa = XCBuildConfiguration;
			baseConfigurationReference = D0688E98C1CC791F525259F8 /* Pods-NewsTests.release.xcconfig */;
			buildSettings = {
				ALWAYS_EMBED_SWIFT_STANDARD_LIBRARIES = YES;
				BUNDLE_LOADER = "$(TEST_HOST)";
				CODE_SIGN_STYLE = Automatic;
				CURRENT_PROJECT_VERSION = 1;
				DEVELOPMENT_TEAM = 6G5SN885V3;
				GENERATE_INFOPLIST_FILE = YES;
				IPHONEOS_DEPLOYMENT_TARGET = 15.5;
				MARKETING_VERSION = 1.0;
				PRODUCT_BUNDLE_IDENTIFIER = com.gameappdev.NewsTests;
				PRODUCT_NAME = "$(TARGET_NAME)";
				SWIFT_EMIT_LOC_STRINGS = NO;
				SWIFT_VERSION = 5.0;
				TARGETED_DEVICE_FAMILY = "1,2";
				TEST_HOST = "$(BUILT_PRODUCTS_DIR)/News.app/News";
			};
			name = Release;
		};
		5C44894D28CDF6D4004BB02E /* Debug */ = {
			isa = XCBuildConfiguration;
			baseConfigurationReference = B22056FCEE0A41770F68724C /* Pods-News-NewsUITests.debug.xcconfig */;
			buildSettings = {
				ALWAYS_EMBED_SWIFT_STANDARD_LIBRARIES = YES;
				CODE_SIGN_STYLE = Automatic;
				CURRENT_PROJECT_VERSION = 1;
				DEVELOPMENT_TEAM = 6G5SN885V3;
				GENERATE_INFOPLIST_FILE = YES;
				MARKETING_VERSION = 1.0;
				PRODUCT_BUNDLE_IDENTIFIER = com.gameappdev.NewsUITests;
				PRODUCT_NAME = "$(TARGET_NAME)";
				SWIFT_EMIT_LOC_STRINGS = NO;
				SWIFT_VERSION = 5.0;
				TARGETED_DEVICE_FAMILY = "1,2";
				TEST_TARGET_NAME = News;
			};
			name = Debug;
		};
		5C44894E28CDF6D4004BB02E /* Release */ = {
			isa = XCBuildConfiguration;
			baseConfigurationReference = D702E520B99F8EBDD50DD0D3 /* Pods-News-NewsUITests.release.xcconfig */;
			buildSettings = {
				ALWAYS_EMBED_SWIFT_STANDARD_LIBRARIES = YES;
				CODE_SIGN_STYLE = Automatic;
				CURRENT_PROJECT_VERSION = 1;
				DEVELOPMENT_TEAM = 6G5SN885V3;
				GENERATE_INFOPLIST_FILE = YES;
				MARKETING_VERSION = 1.0;
				PRODUCT_BUNDLE_IDENTIFIER = com.gameappdev.NewsUITests;
				PRODUCT_NAME = "$(TARGET_NAME)";
				SWIFT_EMIT_LOC_STRINGS = NO;
				SWIFT_VERSION = 5.0;
				TARGETED_DEVICE_FAMILY = "1,2";
				TEST_TARGET_NAME = News;
			};
			name = Release;
		};
/* End XCBuildConfiguration section */

/* Begin XCConfigurationList section */
		5C44891428CDF6D3004BB02E /* Build configuration list for PBXProject "News" */ = {
			isa = XCConfigurationList;
			buildConfigurations = (
				5C44894428CDF6D4004BB02E /* Debug */,
				5C44894528CDF6D4004BB02E /* Release */,
			);
			defaultConfigurationIsVisible = 0;
			defaultConfigurationName = Release;
		};
		5C44894628CDF6D4004BB02E /* Build configuration list for PBXNativeTarget "News" */ = {
			isa = XCConfigurationList;
			buildConfigurations = (
				5C44894728CDF6D4004BB02E /* Debug */,
				5C44894828CDF6D4004BB02E /* Release */,
			);
			defaultConfigurationIsVisible = 0;
			defaultConfigurationName = Release;
		};
		5C44894928CDF6D4004BB02E /* Build configuration list for PBXNativeTarget "NewsTests" */ = {
			isa = XCConfigurationList;
			buildConfigurations = (
				5C44894A28CDF6D4004BB02E /* Debug */,
				5C44894B28CDF6D4004BB02E /* Release */,
			);
			defaultConfigurationIsVisible = 0;
			defaultConfigurationName = Release;
		};
		5C44894C28CDF6D4004BB02E /* Build configuration list for PBXNativeTarget "NewsUITests" */ = {
			isa = XCConfigurationList;
			buildConfigurations = (
				5C44894D28CDF6D4004BB02E /* Debug */,
				5C44894E28CDF6D4004BB02E /* Release */,
			);
			defaultConfigurationIsVisible = 0;
			defaultConfigurationName = Release;
		};
/* End XCConfigurationList section */

/* Begin XCVersionGroup section */
		5C44892528CDF6D3004BB02E /* News.xcdatamodeld */ = {
			isa = XCVersionGroup;
			children = (
				5C44892628CDF6D3004BB02E /* News.xcdatamodel */,
			);
			currentVersion = 5C44892628CDF6D3004BB02E /* News.xcdatamodel */;
			path = News.xcdatamodeld;
			sourceTree = "<group>";
			versionGroupType = wrapper.xcdatamodel;
		};
/* End XCVersionGroup section */
	};
	rootObject = 5C44891128CDF6D3004BB02E /* Project object */;
}
