// !$*UTF8*$!
{
	archiveVersion = 1;
	classes = {
	};
	objectVersion = 55;
	objects = {

/* Begin PBXBuildFile section */
		5C44891D28CDF6D3004BB02E /* AppDelegate.swift in Sources */ = {isa = PBXBuildFile; fileRef = 5C44891C28CDF6D3004BB02E /* AppDelegate.swift */; };
		5C44891F28CDF6D3004BB02E /* SceneDelegate.swift in Sources */ = {isa = PBXBuildFile; fileRef = 5C44891E28CDF6D3004BB02E /* SceneDelegate.swift */; };
		5C44892128CDF6D3004BB02E /* ViewController.swift in Sources */ = {isa = PBXBuildFile; fileRef = 5C44892028CDF6D3004BB02E /* ViewController.swift */; };
		5C44892428CDF6D3004BB02E /* Main.storyboard in Resources */ = {isa = PBXBuildFile; fileRef = 5C44892228CDF6D3004BB02E /* Main.storyboard */; };
		5C44892728CDF6D3004BB02E /* News.xcdatamodeld in Sources */ = {isa = PBXBuildFile; fileRef = 5C44892528CDF6D3004BB02E /* News.xcdatamodeld */; };
		5C44892928CDF6D4004BB02E /* Assets.xcassets in Resources */ = {isa = PBXBuildFile; fileRef = 5C44892828CDF6D4004BB02E /* Assets.xcassets */; };
		5C44892C28CDF6D4004BB02E /* LaunchScreen.storyboard in Resources */ = {isa = PBXBuildFile; fileRef = 5C44892A28CDF6D4004BB02E /* LaunchScreen.storyboard */; };
		5C44893728CDF6D4004BB02E /* NewsTests.swift in Sources */ = {isa = PBXBuildFile; fileRef = 5C44893628CDF6D4004BB02E /* NewsTests.swift */; };
		5C44894128CDF6D4004BB02E /* NewsUITests.swift in Sources */ = {isa = PBXBuildFile; fileRef = 5C44894028CDF6D4004BB02E /* NewsUITests.swift */; };
		5C44894328CDF6D4004BB02E /* NewsUITestsLaunchTests.swift in Sources */ = {isa = PBXBuildFile; fileRef = 5C44894228CDF6D4004BB02E /* NewsUITestsLaunchTests.swift */; };
/* End PBXBuildFile section */

/* Begin PBXContainerItemProxy section */
		5C44893328CDF6D4004BB02E /* PBXContainerItemProxy */ = {
			isa = PBXContainerItemProxy;
			containerPortal = 5C44891128CDF6D3004BB02E /* Project object */;
			proxyType = 1;
			remoteGlobalIDString = 5C44891828CDF6D3004BB02E;
			remoteInfo = News;
		};
		5C44893D28CDF6D4004BB02E /* PBXContainerItemProxy */ = {
			isa = PBXContainerItemProxy;
			containerPortal = 5C44891128CDF6D3004BB02E /* Project object */;
			proxyType = 1;
			remoteGlobalIDString = 5C44891828CDF6D3004BB02E;
			remoteInfo = News;
		};
/* End PBXContainerItemProxy section */

/* Begin PBXFileReference section */
		5C44891928CDF6D3004BB02E /* News.app */ = {isa = PBXFileReference; explicitFileType = wrapper.application; includeInIndex = 0; path = News.app; sourceTree = BUILT_PRODUCTS_DIR; };
		5C44891C28CDF6D3004BB02E /* AppDelegate.swift */ = {isa = PBXFileReference; lastKnownFileType = sourcecode.swift; path = AppDelegate.swift; sourceTree = "<group>"; };
		5C44891E28CDF6D3004BB02E /* SceneDelegate.swift */ = {isa = PBXFileReference; lastKnownFileType = sourcecode.swift; path = SceneDelegate.swift; sourceTree = "<group>"; };
		5C44892028CDF6D3004BB02E /* ViewController.swift */ = {isa = PBXFileReference; lastKnownFileType = sourcecode.swift; path = ViewController.swift; sourceTree = "<group>"; };
		5C44892328CDF6D3004BB02E /* Base */ = {isa = PBXFileReference; lastKnownFileType = file.storyboard; name = Base; path = Base.lproj/Main.storyboard; sourceTree = "<group>"; };
		5C44892628CDF6D3004BB02E /* News.xcdatamodel */ = {isa = PBXFileReference; lastKnownFileType = wrapper.xcdatamodel; path = News.xcdatamodel; sourceTree = "<group>"; };
		5C44892828CDF6D4004BB02E /* Assets.xcassets */ = {isa = PBXFileReference; lastKnownFileType = folder.assetcatalog; path = Assets.xcassets; sourceTree = "<group>"; };
		5C44892B28CDF6D4004BB02E /* Base */ = {isa = PBXFileReference; lastKnownFileType = file.storyboard; name = Base; path = Base.lproj/LaunchScreen.storyboard; sourceTree = "<group>"; };
		5C44892D28CDF6D4004BB02E /* Info.plist */ = {isa = PBXFileReference; lastKnownFileType = text.plist.xml; path = Info.plist; sourceTree = "<group>"; };
		5C44893228CDF6D4004BB02E /* NewsTests.xctest */ = {isa = PBXFileReference; explicitFileType = wrapper.cfbundle; includeInIndex = 0; path = NewsTests.xctest; sourceTree = BUILT_PRODUCTS_DIR; };
		5C44893628CDF6D4004BB02E /* NewsTests.swift */ = {isa = PBXFileReference; lastKnownFileType = sourcecode.swift; path = NewsTests.swift; sourceTree = "<group>"; };
		5C44893C28CDF6D4004BB02E /* NewsUITests.xctest */ = {isa = PBXFileReference; explicitFileType = wrapper.cfbundle; includeInIndex = 0; path = NewsUITests.xctest; sourceTree = BUILT_PRODUCTS_DIR; };
		5C44894028CDF6D4004BB02E /* NewsUITests.swift */ = {isa = PBXFileReference; lastKnownFileType = sourcecode.swift; path = NewsUITests.swift; sourceTree = "<group>"; };
		5C44894228CDF6D4004BB02E /* NewsUITestsLaunchTests.swift */ = {isa = PBXFileReference; lastKnownFileType = sourcecode.swift; path = NewsUITestsLaunchTests.swift; sourceTree = "<group>"; };
/* End PBXFileReference section */

/* Begin PBXFrameworksBuildPhase section */
		5C44891628CDF6D3004BB02E /* Frameworks */ = {
			isa = PBXFrameworksBuildPhase;
			buildActionMask = 2147483647;
			files = (
			);
			runOnlyForDeploymentPostprocessing = 0;
		};
		5C44892F28CDF6D4004BB02E /* Frameworks */ = {
			isa = PBXFrameworksBuildPhase;
			buildActionMask = 2147483647;
			files = (
			);
			runOnlyForDeploymentPostprocessing = 0;
		};
		5C44893928CDF6D4004BB02E /* Frameworks */ = {
			isa = PBXFrameworksBuildPhase;
			buildActionMask = 2147483647;
			files = (
			);
			runOnlyForDeploymentPostprocessing = 0;
		};
/* End PBXFrameworksBuildPhase section */

/* Begin PBXGroup section */
		5C44891028CDF6D3004BB02E = {
			isa = PBXGroup;
			children = (
				5C44891B28CDF6D3004BB02E /* News */,
				5C44893528CDF6D4004BB02E /* NewsTests */,
				5C44893F28CDF6D4004BB02E /* NewsUITests */,
				5C44891A28CDF6D3004BB02E /* Products */,
			);
			sourceTree = "<group>";
		};
		5C44891A28CDF6D3004BB02E /* Products */ = {
			isa = PBXGroup;
			children = (
				5C44891928CDF6D3004BB02E /* News.app */,
				5C44893228CDF6D4004BB02E /* NewsTests.xctest */,
				5C44893C28CDF6D4004BB02E /* NewsUITests.xctest */,
			);
			name = Products;
			sourceTree = "<group>";
		};
		5C44891B28CDF6D3004BB02E /* News */ = {
			isa = PBXGroup;
			children = (
				5C44891C28CDF6D3004BB02E /* AppDelegate.swift */,
				5C44891E28CDF6D3004BB02E /* SceneDelegate.swift */,
				5C44892028CDF6D3004BB02E /* ViewController.swift */,
				5C44892228CDF6D3004BB02E /* Main.storyboard */,
				5C44892828CDF6D4004BB02E /* Assets.xcassets */,
				5C44892A28CDF6D4004BB02E /* LaunchScreen.storyboard */,
				5C44892D28CDF6D4004BB02E /* Info.plist */,
				5C44892528CDF6D3004BB02E /* News.xcdatamodeld */,
			);
			path = News;
			sourceTree = "<group>";
		};
		5C44893528CDF6D4004BB02E /* NewsTests */ = {
			isa = PBXGroup;
			children = (
				5C44893628CDF6D4004BB02E /* NewsTests.swift */,
			);
			path = NewsTests;
			sourceTree = "<group>";
		};
		5C44893F28CDF6D4004BB02E /* NewsUITests */ = {
			isa = PBXGroup;
			children = (
				5C44894028CDF6D4004BB02E /* NewsUITests.swift */,
				5C44894228CDF6D4004BB02E /* NewsUITestsLaunchTests.swift */,
			);
			path = NewsUITests;
			sourceTree = "<group>";
		};
/* End PBXGroup section */

/* Begin PBXNativeTarget section */
		5C44891828CDF6D3004BB02E /* News */ = {
			isa = PBXNativeTarget;
			buildConfigurationList = 5C44894628CDF6D4004BB02E /* Build configuration list for PBXNativeTarget "News" */;
			buildPhases = (
				5C44891528CDF6D3004BB02E /* Sources */,
				5C44891628CDF6D3004BB02E /* Frameworks */,
				5C44891728CDF6D3004BB02E /* Resources */,
			);
			buildRules = (
			);
			dependencies = (
			);
			name = News;
			productName = News;
			productReference = 5C44891928CDF6D3004BB02E /* News.app */;
			productType = "com.apple.product-type.application";
		};
		5C44893128CDF6D4004BB02E /* NewsTests */ = {
			isa = PBXNativeTarget;
			buildConfigurationList = 5C44894928CDF6D4004BB02E /* Build configuration list for PBXNativeTarget "NewsTests" */;
			buildPhases = (
				5C44892E28CDF6D4004BB02E /* Sources */,
				5C44892F28CDF6D4004BB02E /* Frameworks */,
				5C44893028CDF6D4004BB02E /* Resources */,
			);
			buildRules = (
			);
			dependencies = (
				5C44893428CDF6D4004BB02E /* PBXTargetDependency */,
			);
			name = NewsTests;
			productName = NewsTests;
			productReference = 5C44893228CDF6D4004BB02E /* NewsTests.xctest */;
			productType = "com.apple.product-type.bundle.unit-test";
		};
		5C44893B28CDF6D4004BB02E /* NewsUITests */ = {
			isa = PBXNativeTarget;
			buildConfigurationList = 5C44894C28CDF6D4004BB02E /* Build configuration list for PBXNativeTarget "NewsUITests" */;
			buildPhases = (
				5C44893828CDF6D4004BB02E /* Sources */,
				5C44893928CDF6D4004BB02E /* Frameworks */,
				5C44893A28CDF6D4004BB02E /* Resources */,
			);
			buildRules = (
			);
			dependencies = (
				5C44893E28CDF6D4004BB02E /* PBXTargetDependency */,
			);
			name = NewsUITests;
			productName = NewsUITests;
			productReference = 5C44893C28CDF6D4004BB02E /* NewsUITests.xctest */;
			productType = "com.apple.product-type.bundle.ui-testing";
		};
/* End PBXNativeTarget section */

/* Begin PBXProject section */
		5C44891128CDF6D3004BB02E /* Project object */ = {
			isa = PBXProject;
			attributes = {
				BuildIndependentTargetsInParallel = 1;
				LastSwiftUpdateCheck = 1340;
				LastUpgradeCheck = 1340;
				TargetAttributes = {
					5C44891828CDF6D3004BB02E = {
						CreatedOnToolsVersion = 13.4.1;
					};
					5C44893128CDF6D4004BB02E = {
						CreatedOnToolsVersion = 13.4.1;
						TestTargetID = 5C44891828CDF6D3004BB02E;
					};
					5C44893B28CDF6D4004BB02E = {
						CreatedOnToolsVersion = 13.4.1;
						TestTargetID = 5C44891828CDF6D3004BB02E;
					};
				};
			};
			buildConfigurationList = 5C44891428CDF6D3004BB02E /* Build configuration list for PBXProject "News" */;
			compatibilityVersion = "Xcode 13.0";
			developmentRegion = en;
			hasScannedForEncodings = 0;
			knownRegions = (
				en,
				Base,
			);
			mainGroup = 5C44891028CDF6D3004BB02E;
			productRefGroup = 5C44891A28CDF6D3004BB02E /* Products */;
			projectDirPath = "";
			projectRoot = "";
			targets = (
				5C44891828CDF6D3004BB02E /* News */,
				5C44893128CDF6D4004BB02E /* NewsTests */,
				5C44893B28CDF6D4004BB02E /* NewsUITests */,
			);
		};
/* End PBXProject section */

/* Begin PBXResourcesBuildPhase section */
		5C44891728CDF6D3004BB02E /* Resources */ = {
			isa = PBXResourcesBuildPhase;
			buildActionMask = 2147483647;
			files = (
				5C44892C28CDF6D4004BB02E /* LaunchScreen.storyboard in Resources */,
				5C44892928CDF6D4004BB02E /* Assets.xcassets in Resources */,
				5C44892428CDF6D3004BB02E /* Main.storyboard in Resources */,
			);
			runOnlyForDeploymentPostprocessing = 0;
		};
		5C44893028CDF6D4004BB02E /* Resources */ = {
			isa = PBXResourcesBuildPhase;
			buildActionMask = 2147483647;
			files = (
			);
			runOnlyForDeploymentPostprocessing = 0;
		};
		5C44893A28CDF6D4004BB02E /* Resources */ = {
			isa = PBXResourcesBuildPhase;
			buildActionMask = 2147483647;
			files = (
			);
			runOnlyForDeploymentPostprocessing = 0;
		};
/* End PBXResourcesBuildPhase section */

/* Begin PBXSourcesBuildPhase section */
		5C44891528CDF6D3004BB02E /* Sources */ = {
			isa = PBXSourcesBuildPhase;
			buildActionMask = 2147483647;
			files = (
				5C44892128CDF6D3004BB02E /* ViewController.swift in Sources */,
				5C44891D28CDF6D3004BB02E /* AppDelegate.swift in Sources */,
				5C44892728CDF6D3004BB02E /* News.xcdatamodeld in Sources */,
				5C44891F28CDF6D3004BB02E /* SceneDelegate.swift in Sources */,
			);
			runOnlyForDeploymentPostprocessing = 0;
		};
		5C44892E28CDF6D4004BB02E /* Sources */ = {
			isa = PBXSourcesBuildPhase;
			buildActionMask = 2147483647;
			files = (
				5C44893728CDF6D4004BB02E /* NewsTests.swift in Sources */,
			);
			runOnlyForDeploymentPostprocessing = 0;
		};
		5C44893828CDF6D4004BB02E /* Sources */ = {
			isa = PBXSourcesBuildPhase;
			buildActionMask = 2147483647;
			files = (
				5C44894128CDF6D4004BB02E /* NewsUITests.swift in Sources */,
				5C44894328CDF6D4004BB02E /* NewsUITestsLaunchTests.swift in Sources */,
			);
			runOnlyForDeploymentPostprocessing = 0;
		};
/* End PBXSourcesBuildPhase section */

/* Begin PBXTargetDependency section */
		5C44893428CDF6D4004BB02E /* PBXTargetDependency */ = {
			isa = PBXTargetDependency;
			target = 5C44891828CDF6D3004BB02E /* News */;
			targetProxy = 5C44893328CDF6D4004BB02E /* PBXContainerItemProxy */;
		};
		5C44893E28CDF6D4004BB02E /* PBXTargetDependency */ = {
			isa = PBXTargetDependency;
			target = 5C44891828CDF6D3004BB02E /* News */;
			targetProxy = 5C44893D28CDF6D4004BB02E /* PBXContainerItemProxy */;
		};
/* End PBXTargetDependency section */

/* Begin PBXVariantGroup section */
		5C44892228CDF6D3004BB02E /* Main.storyboard */ = {
			isa = PBXVariantGroup;
			children = (
				5C44892328CDF6D3004BB02E /* Base */,
			);
			name = Main.storyboard;
			sourceTree = "<group>";
		};
		5C44892A28CDF6D4004BB02E /* LaunchScreen.storyboard */ = {
			isa = PBXVariantGroup;
			children = (
				5C44892B28CDF6D4004BB02E /* Base */,
			);
			name = LaunchScreen.storyboard;
			sourceTree = "<group>";
		};
/* End PBXVariantGroup section */

/* Begin XCBuildConfiguration section */
		5C44894428CDF6D4004BB02E /* Debug */ = {
			isa = XCBuildConfiguration;
			buildSettings = {
				ALWAYS_SEARCH_USER_PATHS = NO;
				CLANG_ANALYZER_NONNULL = YES;
				CLANG_ANALYZER_NUMBER_OBJECT_CONVERSION = YES_AGGRESSIVE;
				CLANG_CXX_LANGUAGE_STANDARD = "gnu++17";
				CLANG_ENABLE_MODULES = YES;
				CLANG_ENABLE_OBJC_ARC = YES;
				CLANG_ENABLE_OBJC_WEAK = YES;
				CLANG_WARN_BLOCK_CAPTURE_AUTORELEASING = YES;
				CLANG_WARN_BOOL_CONVERSION = YES;
				CLANG_WARN_COMMA = YES;
				CLANG_WARN_CONSTANT_CONVERSION = YES;
				CLANG_WARN_DEPRECATED_OBJC_IMPLEMENTATIONS = YES;
				CLANG_WARN_DIRECT_OBJC_ISA_USAGE = YES_ERROR;
				CLANG_WARN_DOCUMENTATION_COMMENTS = YES;
				CLANG_WARN_EMPTY_BODY = YES;
				CLANG_WARN_ENUM_CONVERSION = YES;
				CLANG_WARN_INFINITE_RECURSION = YES;
				CLANG_WARN_INT_CONVERSION = YES;
				CLANG_WARN_NON_LITERAL_NULL_CONVERSION = YES;
				CLANG_WARN_OBJC_IMPLICIT_RETAIN_SELF = YES;
				CLANG_WARN_OBJC_LITERAL_CONVERSION = YES;
				CLANG_WARN_OBJC_ROOT_CLASS = YES_ERROR;
				CLANG_WARN_QUOTED_INCLUDE_IN_FRAMEWORK_HEADER = YES;
				CLANG_WARN_RANGE_LOOP_ANALYSIS = YES;
				CLANG_WARN_STRICT_PROTOTYPES = YES;
				CLANG_WARN_SUSPICIOUS_MOVE = YES;
				CLANG_WARN_UNGUARDED_AVAILABILITY = YES_AGGRESSIVE;
				CLANG_WARN_UNREACHABLE_CODE = YES;
				CLANG_WARN__DUPLICATE_METHOD_MATCH = YES;
				COPY_PHASE_STRIP = NO;
				DEBUG_INFORMATION_FORMAT = dwarf;
				ENABLE_STRICT_OBJC_MSGSEND = YES;
				ENABLE_TESTABILITY = YES;
				GCC_C_LANGUAGE_STANDARD = gnu11;
				GCC_DYNAMIC_NO_PIC = NO;
				GCC_NO_COMMON_BLOCKS = YES;
				GCC_OPTIMIZATION_LEVEL = 0;
				GCC_PREPROCESSOR_DEFINITIONS = (
					"DEBUG=1",
					"$(inherited)",
				);
				GCC_WARN_64_TO_32_BIT_CONVERSION = YES;
				GCC_WARN_ABOUT_RETURN_TYPE = YES_ERROR;
				GCC_WARN_UNDECLARED_SELECTOR = YES;
				GCC_WARN_UNINITIALIZED_AUTOS = YES_AGGRESSIVE;
				GCC_WARN_UNUSED_FUNCTION = YES;
				GCC_WARN_UNUSED_VARIABLE = YES;
				IPHONEOS_DEPLOYMENT_TARGET = 15.5;
				MTL_ENABLE_DEBUG_INFO = INCLUDE_SOURCE;
				MTL_FAST_MATH = YES;
				ONLY_ACTIVE_ARCH = YES;
				SDKROOT = iphoneos;
				SWIFT_ACTIVE_COMPILATION_CONDITIONS = DEBUG;
				SWIFT_OPTIMIZATION_LEVEL = "-Onone";
			};
			name = Debug;
		};
		5C44894528CDF6D4004BB02E /* Release */ = {
			isa = XCBuildConfiguration;
			buildSettings = {
				ALWAYS_SEARCH_USER_PATHS = NO;
				CLANG_ANALYZER_NONNULL = YES;
				CLANG_ANALYZER_NUMBER_OBJECT_CONVERSION = YES_AGGRESSIVE;
				CLANG_CXX_LANGUAGE_STANDARD = "gnu++17";
				CLANG_ENABLE_MODULES = YES;
				CLANG_ENABLE_OBJC_ARC = YES;
				CLANG_ENABLE_OBJC_WEAK = YES;
				CLANG_WARN_BLOCK_CAPTURE_AUTORELEASING = YES;
				CLANG_WARN_BOOL_CONVERSION = YES;
				CLANG_WARN_COMMA = YES;
				CLANG_WARN_CONSTANT_CONVERSION = YES;
				CLANG_WARN_DEPRECATED_OBJC_IMPLEMENTATIONS = YES;
				CLANG_WARN_DIRECT_OBJC_ISA_USAGE = YES_ERROR;
				CLANG_WARN_DOCUMENTATION_COMMENTS = YES;
				CLANG_WARN_EMPTY_BODY = YES;
				CLANG_WARN_ENUM_CONVERSION = YES;
				CLANG_WARN_INFINITE_RECURSION = YES;
				CLANG_WARN_INT_CONVERSION = YES;
				CLANG_WARN_NON_LITERAL_NULL_CONVERSION = YES;
				CLANG_WARN_OBJC_IMPLICIT_RETAIN_SELF = YES;
				CLANG_WARN_OBJC_LITERAL_CONVERSION = YES;
				CLANG_WARN_OBJC_ROOT_CLASS = YES_ERROR;
				CLANG_WARN_QUOTED_INCLUDE_IN_FRAMEWORK_HEADER = YES;
				CLANG_WARN_RANGE_LOOP_ANALYSIS = YES;
				CLANG_WARN_STRICT_PROTOTYPES = YES;
				CLANG_WARN_SUSPICIOUS_MOVE = YES;
				CLANG_WARN_UNGUARDED_AVAILABILITY = YES_AGGRESSIVE;
				CLANG_WARN_UNREACHABLE_CODE = YES;
				CLANG_WARN__DUPLICATE_METHOD_MATCH = YES;
				COPY_PHASE_STRIP = NO;
				DEBUG_INFORMATION_FORMAT = "dwarf-with-dsym";
				ENABLE_NS_ASSERTIONS = NO;
				ENABLE_STRICT_OBJC_MSGSEND = YES;
				GCC_C_LANGUAGE_STANDARD = gnu11;
				GCC_NO_COMMON_BLOCKS = YES;
				GCC_WARN_64_TO_32_BIT_CONVERSION = YES;
				GCC_WARN_ABOUT_RETURN_TYPE = YES_ERROR;
				GCC_WARN_UNDECLARED_SELECTOR = YES;
				GCC_WARN_UNINITIALIZED_AUTOS = YES_AGGRESSIVE;
				GCC_WARN_UNUSED_FUNCTION = YES;
				GCC_WARN_UNUSED_VARIABLE = YES;
				IPHONEOS_DEPLOYMENT_TARGET = 15.5;
				MTL_ENABLE_DEBUG_INFO = NO;
				MTL_FAST_MATH = YES;
				SDKROOT = iphoneos;
				SWIFT_COMPILATION_MODE = wholemodule;
				SWIFT_OPTIMIZATION_LEVEL = "-O";
				VALIDATE_PRODUCT = YES;
			};
			name = Release;
		};
		5C44894728CDF6D4004BB02E /* Debug */ = {
			isa = XCBuildConfiguration;
			buildSettings = {
				ASSETCATALOG_COMPILER_APPICON_NAME = AppIcon;
				ASSETCATALOG_COMPILER_GLOBAL_ACCENT_COLOR_NAME = AccentColor;
				CODE_SIGN_STYLE = Automatic;
				CURRENT_PROJECT_VERSION = 1;
				DEVELOPMENT_TEAM = 6G5SN885V3;
				GENERATE_INFOPLIST_FILE = YES;
				INFOPLIST_FILE = News/Info.plist;
				INFOPLIST_KEY_UIApplicationSupportsIndirectInputEvents = YES;
				INFOPLIST_KEY_UILaunchStoryboardName = LaunchScreen;
				INFOPLIST_KEY_UIMainStoryboardFile = Main;
				INFOPLIST_KEY_UISupportedInterfaceOrientations_iPad = "UIInterfaceOrientationPortrait UIInterfaceOrientationPortraitUpsideDown UIInterfaceOrientationLandscapeLeft UIInterfaceOrientationLandscapeRight";
				INFOPLIST_KEY_UISupportedInterfaceOrientations_iPhone = "UIInterfaceOrientationPortrait UIInterfaceOrientationLandscapeLeft UIInterfaceOrientationLandscapeRight";
				LD_RUNPATH_SEARCH_PATHS = (
					"$(inherited)",
					"@executable_path/Frameworks",
				);
				MARKETING_VERSION = 1.0;
				PRODUCT_BUNDLE_IDENTIFIER = com.gameappdev.News;
				PRODUCT_NAME = "$(TARGET_NAME)";
				SWIFT_EMIT_LOC_STRINGS = YES;
				SWIFT_VERSION = 5.0;
				TARGETED_DEVICE_FAMILY = "1,2";
			};
			name = Debug;
		};
		5C44894828CDF6D4004BB02E /* Release */ = {
			isa = XCBuildConfiguration;
			buildSettings = {
				ASSETCATALOG_COMPILER_APPICON_NAME = AppIcon;
				ASSETCATALOG_COMPILER_GLOBAL_ACCENT_COLOR_NAME = AccentColor;
				CODE_SIGN_STYLE = Automatic;
				CURRENT_PROJECT_VERSION = 1;
				DEVELOPMENT_TEAM = 6G5SN885V3;
				GENERATE_INFOPLIST_FILE = YES;
				INFOPLIST_FILE = News/Info.plist;
				INFOPLIST_KEY_UIApplicationSupportsIndirectInputEvents = YES;
				INFOPLIST_KEY_UILaunchStoryboardName = LaunchScreen;
				INFOPLIST_KEY_UIMainStoryboardFile = Main;
				INFOPLIST_KEY_UISupportedInterfaceOrientations_iPad = "UIInterfaceOrientationPortrait UIInterfaceOrientationPortraitUpsideDown UIInterfaceOrientationLandscapeLeft UIInterfaceOrientationLandscapeRight";
				INFOPLIST_KEY_UISupportedInterfaceOrientations_iPhone = "UIInterfaceOrientationPortrait UIInterfaceOrientationLandscapeLeft UIInterfaceOrientationLandscapeRight";
				LD_RUNPATH_SEARCH_PATHS = (
					"$(inherited)",
					"@executable_path/Frameworks",
				);
				MARKETING_VERSION = 1.0;
				PRODUCT_BUNDLE_IDENTIFIER = com.gameappdev.News;
				PRODUCT_NAME = "$(TARGET_NAME)";
				SWIFT_EMIT_LOC_STRINGS = YES;
				SWIFT_VERSION = 5.0;
				TARGETED_DEVICE_FAMILY = "1,2";
			};
			name = Release;
		};
		5C44894A28CDF6D4004BB02E /* Debug */ = {
			isa = XCBuildConfiguration;
			buildSettings = {
				ALWAYS_EMBED_SWIFT_STANDARD_LIBRARIES = YES;
				BUNDLE_LOADER = "$(TEST_HOST)";
				CODE_SIGN_STYLE = Automatic;
				CURRENT_PROJECT_VERSION = 1;
				DEVELOPMENT_TEAM = 6G5SN885V3;
				GENERATE_INFOPLIST_FILE = YES;
				IPHONEOS_DEPLOYMENT_TARGET = 15.5;
				MARKETING_VERSION = 1.0;
				PRODUCT_BUNDLE_IDENTIFIER = com.gameappdev.NewsTests;
				PRODUCT_NAME = "$(TARGET_NAME)";
				SWIFT_EMIT_LOC_STRINGS = NO;
				SWIFT_VERSION = 5.0;
				TARGETED_DEVICE_FAMILY = "1,2";
				TEST_HOST = "$(BUILT_PRODUCTS_DIR)/News.app/News";
			};
			name = Debug;
		};
		5C44894B28CDF6D4004BB02E /* Release */ = {
			isa = XCBuildConfiguration;
			buildSettings = {
				ALWAYS_EMBED_SWIFT_STANDARD_LIBRARIES = YES;
				BUNDLE_LOADER = "$(TEST_HOST)";
				CODE_SIGN_STYLE = Automatic;
				CURRENT_PROJECT_VERSION = 1;
				DEVELOPMENT_TEAM = 6G5SN885V3;
				GENERATE_INFOPLIST_FILE = YES;
				IPHONEOS_DEPLOYMENT_TARGET = 15.5;
				MARKETING_VERSION = 1.0;
				PRODUCT_BUNDLE_IDENTIFIER = com.gameappdev.NewsTests;
				PRODUCT_NAME = "$(TARGET_NAME)";
				SWIFT_EMIT_LOC_STRINGS = NO;
				SWIFT_VERSION = 5.0;
				TARGETED_DEVICE_FAMILY = "1,2";
				TEST_HOST = "$(BUILT_PRODUCTS_DIR)/News.app/News";
			};
			name = Release;
		};
		5C44894D28CDF6D4004BB02E /* Debug */ = {
			isa = XCBuildConfiguration;
			buildSettings = {
				ALWAYS_EMBED_SWIFT_STANDARD_LIBRARIES = YES;
				CODE_SIGN_STYLE = Automatic;
				CURRENT_PROJECT_VERSION = 1;
				DEVELOPMENT_TEAM = 6G5SN885V3;
				GENERATE_INFOPLIST_FILE = YES;
				MARKETING_VERSION = 1.0;
				PRODUCT_BUNDLE_IDENTIFIER = com.gameappdev.NewsUITests;
				PRODUCT_NAME = "$(TARGET_NAME)";
				SWIFT_EMIT_LOC_STRINGS = NO;
				SWIFT_VERSION = 5.0;
				TARGETED_DEVICE_FAMILY = "1,2";
				TEST_TARGET_NAME = News;
			};
			name = Debug;
		};
		5C44894E28CDF6D4004BB02E /* Release */ = {
			isa = XCBuildConfiguration;
			buildSettings = {
				ALWAYS_EMBED_SWIFT_STANDARD_LIBRARIES = YES;
				CODE_SIGN_STYLE = Automatic;
				CURRENT_PROJECT_VERSION = 1;
				DEVELOPMENT_TEAM = 6G5SN885V3;
				GENERATE_INFOPLIST_FILE = YES;
				MARKETING_VERSION = 1.0;
				PRODUCT_BUNDLE_IDENTIFIER = com.gameappdev.NewsUITests;
				PRODUCT_NAME = "$(TARGET_NAME)";
				SWIFT_EMIT_LOC_STRINGS = NO;
				SWIFT_VERSION = 5.0;
				TARGETED_DEVICE_FAMILY = "1,2";
				TEST_TARGET_NAME = News;
			};
			name = Release;
		};
/* End XCBuildConfiguration section */

/* Begin XCConfigurationList section */
		5C44891428CDF6D3004BB02E /* Build configuration list for PBXProject "News" */ = {
			isa = XCConfigurationList;
			buildConfigurations = (
				5C44894428CDF6D4004BB02E /* Debug */,
				5C44894528CDF6D4004BB02E /* Release */,
			);
			defaultConfigurationIsVisible = 0;
			defaultConfigurationName = Release;
		};
		5C44894628CDF6D4004BB02E /* Build configuration list for PBXNativeTarget "News" */ = {
			isa = XCConfigurationList;
			buildConfigurations = (
				5C44894728CDF6D4004BB02E /* Debug */,
				5C44894828CDF6D4004BB02E /* Release */,
			);
			defaultConfigurationIsVisible = 0;
			defaultConfigurationName = Release;
		};
		5C44894928CDF6D4004BB02E /* Build configuration list for PBXNativeTarget "NewsTests" */ = {
			isa = XCConfigurationList;
			buildConfigurations = (
				5C44894A28CDF6D4004BB02E /* Debug */,
				5C44894B28CDF6D4004BB02E /* Release */,
			);
			defaultConfigurationIsVisible = 0;
			defaultConfigurationName = Release;
		};
		5C44894C28CDF6D4004BB02E /* Build configuration list for PBXNativeTarget "NewsUITests" */ = {
			isa = XCConfigurationList;
			buildConfigurations = (
				5C44894D28CDF6D4004BB02E /* Debug */,
				5C44894E28CDF6D4004BB02E /* Release */,
			);
			defaultConfigurationIsVisible = 0;
			defaultConfigurationName = Release;
		};
/* End XCConfigurationList section */

/* Begin XCVersionGroup section */
		5C44892528CDF6D3004BB02E /* News.xcdatamodeld */ = {
			isa = XCVersionGroup;
			children = (
				5C44892628CDF6D3004BB02E /* News.xcdatamodel */,
			);
			currentVersion = 5C44892628CDF6D3004BB02E /* News.xcdatamodel */;
			path = News.xcdatamodeld;
			sourceTree = "<group>";
			versionGroupType = wrapper.xcdatamodel;
		};
/* End XCVersionGroup section */
	};
	rootObject = 5C44891128CDF6D3004BB02E /* Project object */;
}
